
Microsoft Visual Studio Solution File, Format Version 12.00
# Visual Studio 14
VisualStudioVersion = 14.0.24720.0
MinimumVisualStudioVersion = 10.0.40219.1
Project("{8BC9CEB8-8B4A-11D0-8D11-00A0C91BC942}") = "20160321SingleNumberHW1", "20160321SingleNumberHW1\20160321SingleNumberHW1.vcxproj", "{BBF05954-69BA-4E37-8D09-970674A8E0B0}"
EndProject
Project("{8BC9CEB8-8B4A-11D0-8D11-00A0C91BC942}") = "20160321SingleNumberHW2", "20160321SingleNumberHW2\20160321SingleNumberHW2.vcxproj", "{B2F7E85B-8AF4-492B-8F0C-527B04BCBAAD}"
EndProject
Project("{8BC9CEB8-8B4A-11D0-8D11-00A0C91BC942}") = "20160321SingleNumberHW3", "20160321SingleNumberHW3\20160321SingleNumberHW3.vcxproj", "{9C312E7E-3E99-470F-AEAB-9FB222FB6F61}"
EndProject
Project("{8BC9CEB8-8B4A-11D0-8D11-00A0C91BC942}") = "20160321SingleNumberHW4", "20160321SingleNumberHW4\20160321SingleNumberHW4.vcxproj", "{61FEC93E-2479-4EE9-A1B2-E53260C24960}"
EndProject
Global
	GlobalSection(SolutionConfigurationPlatforms) = preSolution
		Debug|x64 = Debug|x64
		Debug|x86 = Debug|x86
		Release|x64 = Release|x64
		Release|x86 = Release|x86
	EndGlobalSection
	GlobalSection(ProjectConfigurationPlatforms) = postSolution
		{BBF05954-69BA-4E37-8D09-970674A8E0B0}.Debug|x64.ActiveCfg = Debug|x64
		{BBF05954-69BA-4E37-8D09-970674A8E0B0}.Debug|x64.Build.0 = Debug|x64
		{BBF05954-69BA-4E37-8D09-970674A8E0B0}.Debug|x86.ActiveCfg = Debug|Win32
		{BBF05954-69BA-4E37-8D09-970674A8E0B0}.Debug|x86.Build.0 = Debug|Win32
		{BBF05954-69BA-4E37-8D09-970674A8E0B0}.Release|x64.ActiveCfg = Release|x64
		{BBF05954-69BA-4E37-8D09-970674A8E0B0}.Release|x64.Build.0 = Release|x64
		{BBF05954-69BA-4E37-8D09-970674A8E0B0}.Release|x86.ActiveCfg = Release|Win32
		{BBF05954-69BA-4E37-8D09-970674A8E0B0}.Release|x86.Build.0 = Release|Win32
		{B2F7E85B-8AF4-492B-8F0C-527B04BCBAAD}.Debug|x64.ActiveCfg = Debug|x64
		{B2F7E85B-8AF4-492B-8F0C-527B04BCBAAD}.Debug|x64.Build.0 = Debug|x64
		{B2F7E85B-8AF4-492B-8F0C-527B04BCBAAD}.Debug|x86.ActiveCfg = Debug|Win32
		{B2F7E85B-8AF4-492B-8F0C-527B04BCBAAD}.Debug|x86.Build.0 = Debug|Win32
		{B2F7E85B-8AF4-492B-8F0C-527B04BCBAAD}.Release|x64.ActiveCfg = Release|x64
		{B2F7E85B-8AF4-492B-8F0C-527B04BCBAAD}.Release|x64.Build.0 = Release|x64
		{B2F7E85B-8AF4-492B-8F0C-527B04BCBAAD}.Release|x86.ActiveCfg = Release|Win32
		{B2F7E85B-8AF4-492B-8F0C-527B04BCBAAD}.Release|x86.Build.0 = Release|Win32
		{9C312E7E-3E99-470F-AEAB-9FB222FB6F61}.Debug|x64.ActiveCfg = Debug|x64
		{9C312E7E-3E99-470F-AEAB-9FB222FB6F61}.Debug|x64.Build.0 = Debug|x64
		{9C312E7E-3E99-470F-AEAB-9FB222FB6F61}.Debug|x86.ActiveCfg = Debug|Win32
		{9C312E7E-3E99-470F-AEAB-9FB222FB6F61}.Debug|x86.Build.0 = Debug|Win32
		{9C312E7E-3E99-470F-AEAB-9FB222FB6F61}.Release|x64.ActiveCfg = Release|x64
		{9C312E7E-3E99-470F-AEAB-9FB222FB6F61}.Release|x64.Build.0 = Release|x64
		{9C312E7E-3E99-470F-AEAB-9FB222FB6F61}.Release|x86.ActiveCfg = Release|Win32
		{9C312E7E-3E99-470F-AEAB-9FB222FB6F61}.Release|x86.Build.0 = Release|Win32
		{61FEC93E-2479-4EE9-A1B2-E53260C24960}.Debug|x64.ActiveCfg = Debug|x64
		{61FEC93E-2479-4EE9-A1B2-E53260C24960}.Debug|x64.Build.0 = Debug|x64
		{61FEC93E-2479-4EE9-A1B2-E53260C24960}.Debug|x86.ActiveCfg = Debug|Win32
		{61FEC93E-2479-4EE9-A1B2-E53260C24960}.Debug|x86.Build.0 = Debug|Win32
		{61FEC93E-2479-4EE9-A1B2-E53260C24960}.Release|x64.ActiveCfg = Release|x64
		{61FEC93E-2479-4EE9-A1B2-E53260C24960}.Release|x64.Build.0 = Release|x64
		{61FEC93E-2479-4EE9-A1B2-E53260C24960}.Release|x86.ActiveCfg = Release|Win32
		{61FEC93E-2479-4EE9-A1B2-E53260C24960}.Release|x86.Build.0 = Release|Win32
	EndGlobalSection
	GlobalSection(SolutionProperties) = preSolution
		HideSolutionNode = FALSE
	EndGlobalSection
EndGlobal
