
Microsoft Visual Studio Solution File, Format Version 12.00
# Visual Studio 14
VisualStudioVersion = 14.0.25123.0
MinimumVisualStudioVersion = 10.0.40219.1
Project("{8BC9CEB8-8B4A-11D0-8D11-00A0C91BC942}") = "20160510practice1", "20160510practice1\20160510practice1.vcxproj", "{5A0C6E5D-A35E-435B-A71F-113408AB4033}"
EndProject
Project("{8BC9CEB8-8B4A-11D0-8D11-00A0C91BC942}") = "20160510practice2", "20160510practice2\20160510practice2.vcxproj", "{5A943F74-17B4-4F0A-A20F-6BEE5D4D8D44}"
EndProject
Global
	GlobalSection(SolutionConfigurationPlatforms) = preSolution
		Debug|x64 = Debug|x64
		Debug|x86 = Debug|x86
		Release|x64 = Release|x64
		Release|x86 = Release|x86
	EndGlobalSection
	GlobalSection(ProjectConfigurationPlatforms) = postSolution
		{5A0C6E5D-A35E-435B-A71F-113408AB4033}.Debug|x64.ActiveCfg = Debug|x64
		{5A0C6E5D-A35E-435B-A71F-113408AB4033}.Debug|x64.Build.0 = Debug|x64
		{5A0C6E5D-A35E-435B-A71F-113408AB4033}.Debug|x86.ActiveCfg = Debug|Win32
		{5A0C6E5D-A35E-435B-A71F-113408AB4033}.Debug|x86.Build.0 = Debug|Win32
		{5A0C6E5D-A35E-435B-A71F-113408AB4033}.Release|x64.ActiveCfg = Release|x64
		{5A0C6E5D-A35E-435B-A71F-113408AB4033}.Release|x64.Build.0 = Release|x64
		{5A0C6E5D-A35E-435B-A71F-113408AB4033}.Release|x86.ActiveCfg = Release|Win32
		{5A0C6E5D-A35E-435B-A71F-113408AB4033}.Release|x86.Build.0 = Release|Win32
		{5A943F74-17B4-4F0A-A20F-6BEE5D4D8D44}.Debug|x64.ActiveCfg = Debug|x64
		{5A943F74-17B4-4F0A-A20F-6BEE5D4D8D44}.Debug|x64.Build.0 = Debug|x64
		{5A943F74-17B4-4F0A-A20F-6BEE5D4D8D44}.Debug|x86.ActiveCfg = Debug|Win32
		{5A943F74-17B4-4F0A-A20F-6BEE5D4D8D44}.Debug|x86.Build.0 = Debug|Win32
		{5A943F74-17B4-4F0A-A20F-6BEE5D4D8D44}.Release|x64.ActiveCfg = Release|x64
		{5A943F74-17B4-4F0A-A20F-6BEE5D4D8D44}.Release|x64.Build.0 = Release|x64
		{5A943F74-17B4-4F0A-A20F-6BEE5D4D8D44}.Release|x86.ActiveCfg = Release|Win32
		{5A943F74-17B4-4F0A-A20F-6BEE5D4D8D44}.Release|x86.Build.0 = Release|Win32
	EndGlobalSection
	GlobalSection(SolutionProperties) = preSolution
		HideSolutionNode = FALSE
	EndGlobalSection
EndGlobal
