
Microsoft Visual Studio Solution File, Format Version 12.00
# Visual Studio 14
VisualStudioVersion = 14.0.24720.0
MinimumVisualStudioVersion = 10.0.40219.1
Project("{8BC9CEB8-8B4A-11D0-8D11-00A0C91BC942}") = "20160315practice1", "20160315practice1\20160315practice1.vcxproj", "{61044338-836D-4026-89B9-060002EC0519}"
EndProject
Project("{8BC9CEB8-8B4A-11D0-8D11-00A0C91BC942}") = "20160315practice2", "20160315practice2\20160315practice2.vcxproj", "{9A2198CB-C674-422D-8912-33A91DC2A01A}"
EndProject
Project("{8BC9CEB8-8B4A-11D0-8D11-00A0C91BC942}") = "20160315practice3", "20160315practice3\20160315practice3.vcxproj", "{E52F98A4-6FC3-4430-BFC3-32972855FD3B}"
EndProject
Project("{8BC9CEB8-8B4A-11D0-8D11-00A0C91BC942}") = "20160315practice4", "20160315practice4\20160315practice4.vcxproj", "{F1445F26-F509-41AF-A677-D4F53A0CE29C}"
EndProject
Project("{8BC9CEB8-8B4A-11D0-8D11-00A0C91BC942}") = "20160315practice5", "20160315practice5\20160315practice5.vcxproj", "{CE802783-D832-4D38-8B2B-189601999DDE}"
EndProject
Project("{8BC9CEB8-8B4A-11D0-8D11-00A0C91BC942}") = "20160315practice6", "20160315practice6\20160315practice6.vcxproj", "{80273888-28EB-41A9-8794-4502DCC299BC}"
EndProject
Project("{8BC9CEB8-8B4A-11D0-8D11-00A0C91BC942}") = "20160315practice7", "20160315practice7\20160315practice7.vcxproj", "{8B8C6520-6E00-4AF9-8783-55642520894C}"
EndProject
Global
	GlobalSection(SolutionConfigurationPlatforms) = preSolution
		Debug|x64 = Debug|x64
		Debug|x86 = Debug|x86
		Release|x64 = Release|x64
		Release|x86 = Release|x86
	EndGlobalSection
	GlobalSection(ProjectConfigurationPlatforms) = postSolution
		{61044338-836D-4026-89B9-060002EC0519}.Debug|x64.ActiveCfg = Debug|x64
		{61044338-836D-4026-89B9-060002EC0519}.Debug|x64.Build.0 = Debug|x64
		{61044338-836D-4026-89B9-060002EC0519}.Debug|x86.ActiveCfg = Debug|Win32
		{61044338-836D-4026-89B9-060002EC0519}.Debug|x86.Build.0 = Debug|Win32
		{61044338-836D-4026-89B9-060002EC0519}.Release|x64.ActiveCfg = Release|x64
		{61044338-836D-4026-89B9-060002EC0519}.Release|x64.Build.0 = Release|x64
		{61044338-836D-4026-89B9-060002EC0519}.Release|x86.ActiveCfg = Release|Win32
		{61044338-836D-4026-89B9-060002EC0519}.Release|x86.Build.0 = Release|Win32
		{9A2198CB-C674-422D-8912-33A91DC2A01A}.Debug|x64.ActiveCfg = Debug|x64
		{9A2198CB-C674-422D-8912-33A91DC2A01A}.Debug|x64.Build.0 = Debug|x64
		{9A2198CB-C674-422D-8912-33A91DC2A01A}.Debug|x86.ActiveCfg = Debug|Win32
		{9A2198CB-C674-422D-8912-33A91DC2A01A}.Debug|x86.Build.0 = Debug|Win32
		{9A2198CB-C674-422D-8912-33A91DC2A01A}.Release|x64.ActiveCfg = Release|x64
		{9A2198CB-C674-422D-8912-33A91DC2A01A}.Release|x64.Build.0 = Release|x64
		{9A2198CB-C674-422D-8912-33A91DC2A01A}.Release|x86.ActiveCfg = Release|Win32
		{9A2198CB-C674-422D-8912-33A91DC2A01A}.Release|x86.Build.0 = Release|Win32
		{E52F98A4-6FC3-4430-BFC3-32972855FD3B}.Debug|x64.ActiveCfg = Debug|x64
		{E52F98A4-6FC3-4430-BFC3-32972855FD3B}.Debug|x64.Build.0 = Debug|x64
		{E52F98A4-6FC3-4430-BFC3-32972855FD3B}.Debug|x86.ActiveCfg = Debug|Win32
		{E52F98A4-6FC3-4430-BFC3-32972855FD3B}.Debug|x86.Build.0 = Debug|Win32
		{E52F98A4-6FC3-4430-BFC3-32972855FD3B}.Release|x64.ActiveCfg = Release|x64
		{E52F98A4-6FC3-4430-BFC3-32972855FD3B}.Release|x64.Build.0 = Release|x64
		{E52F98A4-6FC3-4430-BFC3-32972855FD3B}.Release|x86.ActiveCfg = Release|Win32
		{E52F98A4-6FC3-4430-BFC3-32972855FD3B}.Release|x86.Build.0 = Release|Win32
		{F1445F26-F509-41AF-A677-D4F53A0CE29C}.Debug|x64.ActiveCfg = Debug|x64
		{F1445F26-F509-41AF-A677-D4F53A0CE29C}.Debug|x64.Build.0 = Debug|x64
		{F1445F26-F509-41AF-A677-D4F53A0CE29C}.Debug|x86.ActiveCfg = Debug|Win32
		{F1445F26-F509-41AF-A677-D4F53A0CE29C}.Debug|x86.Build.0 = Debug|Win32
		{F1445F26-F509-41AF-A677-D4F53A0CE29C}.Release|x64.ActiveCfg = Release|x64
		{F1445F26-F509-41AF-A677-D4F53A0CE29C}.Release|x64.Build.0 = Release|x64
		{F1445F26-F509-41AF-A677-D4F53A0CE29C}.Release|x86.ActiveCfg = Release|Win32
		{F1445F26-F509-41AF-A677-D4F53A0CE29C}.Release|x86.Build.0 = Release|Win32
		{CE802783-D832-4D38-8B2B-189601999DDE}.Debug|x64.ActiveCfg = Debug|x64
		{CE802783-D832-4D38-8B2B-189601999DDE}.Debug|x64.Build.0 = Debug|x64
		{CE802783-D832-4D38-8B2B-189601999DDE}.Debug|x86.ActiveCfg = Debug|Win32
		{CE802783-D832-4D38-8B2B-189601999DDE}.Debug|x86.Build.0 = Debug|Win32
		{CE802783-D832-4D38-8B2B-189601999DDE}.Release|x64.ActiveCfg = Release|x64
		{CE802783-D832-4D38-8B2B-189601999DDE}.Release|x64.Build.0 = Release|x64
		{CE802783-D832-4D38-8B2B-189601999DDE}.Release|x86.ActiveCfg = Release|Win32
		{CE802783-D832-4D38-8B2B-189601999DDE}.Release|x86.Build.0 = Release|Win32
		{80273888-28EB-41A9-8794-4502DCC299BC}.Debug|x64.ActiveCfg = Debug|x64
		{80273888-28EB-41A9-8794-4502DCC299BC}.Debug|x64.Build.0 = Debug|x64
		{80273888-28EB-41A9-8794-4502DCC299BC}.Debug|x86.ActiveCfg = Debug|Win32
		{80273888-28EB-41A9-8794-4502DCC299BC}.Debug|x86.Build.0 = Debug|Win32
		{80273888-28EB-41A9-8794-4502DCC299BC}.Release|x64.ActiveCfg = Release|x64
		{80273888-28EB-41A9-8794-4502DCC299BC}.Release|x64.Build.0 = Release|x64
		{80273888-28EB-41A9-8794-4502DCC299BC}.Release|x86.ActiveCfg = Release|Win32
		{80273888-28EB-41A9-8794-4502DCC299BC}.Release|x86.Build.0 = Release|Win32
		{8B8C6520-6E00-4AF9-8783-55642520894C}.Debug|x64.ActiveCfg = Debug|x64
		{8B8C6520-6E00-4AF9-8783-55642520894C}.Debug|x64.Build.0 = Debug|x64
		{8B8C6520-6E00-4AF9-8783-55642520894C}.Debug|x86.ActiveCfg = Debug|Win32
		{8B8C6520-6E00-4AF9-8783-55642520894C}.Debug|x86.Build.0 = Debug|Win32
		{8B8C6520-6E00-4AF9-8783-55642520894C}.Release|x64.ActiveCfg = Release|x64
		{8B8C6520-6E00-4AF9-8783-55642520894C}.Release|x64.Build.0 = Release|x64
		{8B8C6520-6E00-4AF9-8783-55642520894C}.Release|x86.ActiveCfg = Release|Win32
		{8B8C6520-6E00-4AF9-8783-55642520894C}.Release|x86.Build.0 = Release|Win32
	EndGlobalSection
	GlobalSection(SolutionProperties) = preSolution
		HideSolutionNode = FALSE
	EndGlobalSection
EndGlobal
