
Microsoft Visual Studio Solution File, Format Version 12.00
# Visual Studio 14
VisualStudioVersion = 14.0.24720.0
MinimumVisualStudioVersion = 10.0.40219.1
Project("{8BC9CEB8-8B4A-11D0-8D11-00A0C91BC942}") = "20160412practice1", "20160412practice1\20160412practice1.vcxproj", "{C2D3FB31-FB05-488C-8A66-6767CBAEF7B3}"
EndProject
Project("{8BC9CEB8-8B4A-11D0-8D11-00A0C91BC942}") = "20160412practice2", "20160412practice2\20160412practice2.vcxproj", "{CA8E11EB-9228-40F4-A094-5607FAD42647}"
EndProject
Global
	GlobalSection(SolutionConfigurationPlatforms) = preSolution
		Debug|x64 = Debug|x64
		Debug|x86 = Debug|x86
		Release|x64 = Release|x64
		Release|x86 = Release|x86
	EndGlobalSection
	GlobalSection(ProjectConfigurationPlatforms) = postSolution
		{C2D3FB31-FB05-488C-8A66-6767CBAEF7B3}.Debug|x64.ActiveCfg = Debug|x64
		{C2D3FB31-FB05-488C-8A66-6767CBAEF7B3}.Debug|x64.Build.0 = Debug|x64
		{C2D3FB31-FB05-488C-8A66-6767CBAEF7B3}.Debug|x86.ActiveCfg = Debug|Win32
		{C2D3FB31-FB05-488C-8A66-6767CBAEF7B3}.Debug|x86.Build.0 = Debug|Win32
		{C2D3FB31-FB05-488C-8A66-6767CBAEF7B3}.Release|x64.ActiveCfg = Release|x64
		{C2D3FB31-FB05-488C-8A66-6767CBAEF7B3}.Release|x64.Build.0 = Release|x64
		{C2D3FB31-FB05-488C-8A66-6767CBAEF7B3}.Release|x86.ActiveCfg = Release|Win32
		{C2D3FB31-FB05-488C-8A66-6767CBAEF7B3}.Release|x86.Build.0 = Release|Win32
		{CA8E11EB-9228-40F4-A094-5607FAD42647}.Debug|x64.ActiveCfg = Debug|x64
		{CA8E11EB-9228-40F4-A094-5607FAD42647}.Debug|x64.Build.0 = Debug|x64
		{CA8E11EB-9228-40F4-A094-5607FAD42647}.Debug|x86.ActiveCfg = Debug|Win32
		{CA8E11EB-9228-40F4-A094-5607FAD42647}.Debug|x86.Build.0 = Debug|Win32
		{CA8E11EB-9228-40F4-A094-5607FAD42647}.Release|x64.ActiveCfg = Release|x64
		{CA8E11EB-9228-40F4-A094-5607FAD42647}.Release|x64.Build.0 = Release|x64
		{CA8E11EB-9228-40F4-A094-5607FAD42647}.Release|x86.ActiveCfg = Release|Win32
		{CA8E11EB-9228-40F4-A094-5607FAD42647}.Release|x86.Build.0 = Release|Win32
	EndGlobalSection
	GlobalSection(SolutionProperties) = preSolution
		HideSolutionNode = FALSE
	EndGlobalSection
EndGlobal
