
Microsoft Visual Studio Solution File, Format Version 12.00
# Visual Studio 14
VisualStudioVersion = 14.0.24720.0
MinimumVisualStudioVersion = 10.0.40219.1
Project("{8BC9CEB8-8B4A-11D0-8D11-00A0C91BC942}") = "20160328SingleNumberHW1", "20160328SingleNumberHW1\20160328SingleNumberHW1.vcxproj", "{37FE9287-28EA-42BC-99F0-A3F6A79D3A3E}"
EndProject
Project("{8BC9CEB8-8B4A-11D0-8D11-00A0C91BC942}") = "20160328SingleNumberHW2", "20160328SingleNumberHW2\20160328SingleNumberHW2.vcxproj", "{741716D4-6FC4-4057-9819-648C1C5EF505}"
EndProject
Project("{8BC9CEB8-8B4A-11D0-8D11-00A0C91BC942}") = "20160328SingleNumberHW3", "20160328SingleNumberHW3\20160328SingleNumberHW3.vcxproj", "{63C9A6BE-CA00-4C05-873B-F11598E4FB9B}"
EndProject
Project("{8BC9CEB8-8B4A-11D0-8D11-00A0C91BC942}") = "20160328SingleNumberHW4", "20160328SingleNumberHW4\20160328SingleNumberHW4.vcxproj", "{11A10B4E-ECFF-4907-845D-49E81B13A67B}"
EndProject
Global
	GlobalSection(SolutionConfigurationPlatforms) = preSolution
		Debug|x64 = Debug|x64
		Debug|x86 = Debug|x86
		Release|x64 = Release|x64
		Release|x86 = Release|x86
	EndGlobalSection
	GlobalSection(ProjectConfigurationPlatforms) = postSolution
		{37FE9287-28EA-42BC-99F0-A3F6A79D3A3E}.Debug|x64.ActiveCfg = Debug|x64
		{37FE9287-28EA-42BC-99F0-A3F6A79D3A3E}.Debug|x64.Build.0 = Debug|x64
		{37FE9287-28EA-42BC-99F0-A3F6A79D3A3E}.Debug|x86.ActiveCfg = Debug|Win32
		{37FE9287-28EA-42BC-99F0-A3F6A79D3A3E}.Debug|x86.Build.0 = Debug|Win32
		{37FE9287-28EA-42BC-99F0-A3F6A79D3A3E}.Release|x64.ActiveCfg = Release|x64
		{37FE9287-28EA-42BC-99F0-A3F6A79D3A3E}.Release|x64.Build.0 = Release|x64
		{37FE9287-28EA-42BC-99F0-A3F6A79D3A3E}.Release|x86.ActiveCfg = Release|Win32
		{37FE9287-28EA-42BC-99F0-A3F6A79D3A3E}.Release|x86.Build.0 = Release|Win32
		{741716D4-6FC4-4057-9819-648C1C5EF505}.Debug|x64.ActiveCfg = Debug|x64
		{741716D4-6FC4-4057-9819-648C1C5EF505}.Debug|x64.Build.0 = Debug|x64
		{741716D4-6FC4-4057-9819-648C1C5EF505}.Debug|x86.ActiveCfg = Debug|Win32
		{741716D4-6FC4-4057-9819-648C1C5EF505}.Debug|x86.Build.0 = Debug|Win32
		{741716D4-6FC4-4057-9819-648C1C5EF505}.Release|x64.ActiveCfg = Release|x64
		{741716D4-6FC4-4057-9819-648C1C5EF505}.Release|x64.Build.0 = Release|x64
		{741716D4-6FC4-4057-9819-648C1C5EF505}.Release|x86.ActiveCfg = Release|Win32
		{741716D4-6FC4-4057-9819-648C1C5EF505}.Release|x86.Build.0 = Release|Win32
		{63C9A6BE-CA00-4C05-873B-F11598E4FB9B}.Debug|x64.ActiveCfg = Debug|x64
		{63C9A6BE-CA00-4C05-873B-F11598E4FB9B}.Debug|x64.Build.0 = Debug|x64
		{63C9A6BE-CA00-4C05-873B-F11598E4FB9B}.Debug|x86.ActiveCfg = Debug|Win32
		{63C9A6BE-CA00-4C05-873B-F11598E4FB9B}.Debug|x86.Build.0 = Debug|Win32
		{63C9A6BE-CA00-4C05-873B-F11598E4FB9B}.Release|x64.ActiveCfg = Release|x64
		{63C9A6BE-CA00-4C05-873B-F11598E4FB9B}.Release|x64.Build.0 = Release|x64
		{63C9A6BE-CA00-4C05-873B-F11598E4FB9B}.Release|x86.ActiveCfg = Release|Win32
		{63C9A6BE-CA00-4C05-873B-F11598E4FB9B}.Release|x86.Build.0 = Release|Win32
		{11A10B4E-ECFF-4907-845D-49E81B13A67B}.Debug|x64.ActiveCfg = Debug|x64
		{11A10B4E-ECFF-4907-845D-49E81B13A67B}.Debug|x64.Build.0 = Debug|x64
		{11A10B4E-ECFF-4907-845D-49E81B13A67B}.Debug|x86.ActiveCfg = Debug|Win32
		{11A10B4E-ECFF-4907-845D-49E81B13A67B}.Debug|x86.Build.0 = Debug|Win32
		{11A10B4E-ECFF-4907-845D-49E81B13A67B}.Release|x64.ActiveCfg = Release|x64
		{11A10B4E-ECFF-4907-845D-49E81B13A67B}.Release|x64.Build.0 = Release|x64
		{11A10B4E-ECFF-4907-845D-49E81B13A67B}.Release|x86.ActiveCfg = Release|Win32
		{11A10B4E-ECFF-4907-845D-49E81B13A67B}.Release|x86.Build.0 = Release|Win32
	EndGlobalSection
	GlobalSection(SolutionProperties) = preSolution
		HideSolutionNode = FALSE
	EndGlobalSection
EndGlobal
