
Microsoft Visual Studio Solution File, Format Version 12.00
# Visual Studio 14
VisualStudioVersion = 14.0.24720.0
MinimumVisualStudioVersion = 10.0.40219.1
Project("{8BC9CEB8-8B4A-11D0-8D11-00A0C91BC942}") = "20160308practice1", "20160308practice1\20160308practice1.vcxproj", "{FDB817B3-8DCE-4BAC-B90E-D2DB52993419}"
EndProject
Project("{8BC9CEB8-8B4A-11D0-8D11-00A0C91BC942}") = "20160308practice2", "20160308practice2\20160308practice2.vcxproj", "{1FFA3B8F-6774-4662-89F0-36553DF8878E}"
EndProject
Global
	GlobalSection(SolutionConfigurationPlatforms) = preSolution
		Debug|x86 = Debug|x86
		Release|x86 = Release|x86
	EndGlobalSection
	GlobalSection(ProjectConfigurationPlatforms) = postSolution
		{FDB817B3-8DCE-4BAC-B90E-D2DB52993419}.Debug|x86.ActiveCfg = Debug|Win32
		{FDB817B3-8DCE-4BAC-B90E-D2DB52993419}.Debug|x86.Build.0 = Debug|Win32
		{FDB817B3-8DCE-4BAC-B90E-D2DB52993419}.Release|x86.ActiveCfg = Release|Win32
		{FDB817B3-8DCE-4BAC-B90E-D2DB52993419}.Release|x86.Build.0 = Release|Win32
		{1FFA3B8F-6774-4662-89F0-36553DF8878E}.Debug|x86.ActiveCfg = Debug|Win32
		{1FFA3B8F-6774-4662-89F0-36553DF8878E}.Debug|x86.Build.0 = Debug|Win32
		{1FFA3B8F-6774-4662-89F0-36553DF8878E}.Release|x86.ActiveCfg = Release|Win32
		{1FFA3B8F-6774-4662-89F0-36553DF8878E}.Release|x86.Build.0 = Release|Win32
	EndGlobalSection
	GlobalSection(SolutionProperties) = preSolution
		HideSolutionNode = FALSE
	EndGlobalSection
EndGlobal
