
Microsoft Visual Studio Solution File, Format Version 12.00
# Visual Studio 14
VisualStudioVersion = 14.0.25123.0
MinimumVisualStudioVersion = 10.0.40219.1
Project("{8BC9CEB8-8B4A-11D0-8D11-00A0C91BC942}") = "No1", "No1\No1.vcxproj", "{2D38758A-7598-4BDD-A503-182E937AF2DB}"
EndProject
Project("{8BC9CEB8-8B4A-11D0-8D11-00A0C91BC942}") = "No2", "No2\No2.vcxproj", "{A6749A67-78FB-4981-B0EF-6CA506B6FFB5}"
EndProject
Project("{8BC9CEB8-8B4A-11D0-8D11-00A0C91BC942}") = "No3", "No3\No3.vcxproj", "{CCB2973D-08A2-488A-8169-8DD4CCCCDA10}"
EndProject
Project("{8BC9CEB8-8B4A-11D0-8D11-00A0C91BC942}") = "No3-1", "No3-1\No3-1.vcxproj", "{FCF985D1-B292-4E3B-8C3D-0044F96A279A}"
EndProject
Global
	GlobalSection(SolutionConfigurationPlatforms) = preSolution
		Debug|x64 = Debug|x64
		Debug|x86 = Debug|x86
		Release|x64 = Release|x64
		Release|x86 = Release|x86
	EndGlobalSection
	GlobalSection(ProjectConfigurationPlatforms) = postSolution
		{2D38758A-7598-4BDD-A503-182E937AF2DB}.Debug|x64.ActiveCfg = Debug|x64
		{2D38758A-7598-4BDD-A503-182E937AF2DB}.Debug|x64.Build.0 = Debug|x64
		{2D38758A-7598-4BDD-A503-182E937AF2DB}.Debug|x86.ActiveCfg = Debug|Win32
		{2D38758A-7598-4BDD-A503-182E937AF2DB}.Debug|x86.Build.0 = Debug|Win32
		{2D38758A-7598-4BDD-A503-182E937AF2DB}.Release|x64.ActiveCfg = Release|x64
		{2D38758A-7598-4BDD-A503-182E937AF2DB}.Release|x64.Build.0 = Release|x64
		{2D38758A-7598-4BDD-A503-182E937AF2DB}.Release|x86.ActiveCfg = Release|Win32
		{2D38758A-7598-4BDD-A503-182E937AF2DB}.Release|x86.Build.0 = Release|Win32
		{A6749A67-78FB-4981-B0EF-6CA506B6FFB5}.Debug|x64.ActiveCfg = Debug|x64
		{A6749A67-78FB-4981-B0EF-6CA506B6FFB5}.Debug|x64.Build.0 = Debug|x64
		{A6749A67-78FB-4981-B0EF-6CA506B6FFB5}.Debug|x86.ActiveCfg = Debug|Win32
		{A6749A67-78FB-4981-B0EF-6CA506B6FFB5}.Debug|x86.Build.0 = Debug|Win32
		{A6749A67-78FB-4981-B0EF-6CA506B6FFB5}.Release|x64.ActiveCfg = Release|x64
		{A6749A67-78FB-4981-B0EF-6CA506B6FFB5}.Release|x64.Build.0 = Release|x64
		{A6749A67-78FB-4981-B0EF-6CA506B6FFB5}.Release|x86.ActiveCfg = Release|Win32
		{A6749A67-78FB-4981-B0EF-6CA506B6FFB5}.Release|x86.Build.0 = Release|Win32
		{CCB2973D-08A2-488A-8169-8DD4CCCCDA10}.Debug|x64.ActiveCfg = Debug|x64
		{CCB2973D-08A2-488A-8169-8DD4CCCCDA10}.Debug|x64.Build.0 = Debug|x64
		{CCB2973D-08A2-488A-8169-8DD4CCCCDA10}.Debug|x86.ActiveCfg = Debug|Win32
		{CCB2973D-08A2-488A-8169-8DD4CCCCDA10}.Debug|x86.Build.0 = Debug|Win32
		{CCB2973D-08A2-488A-8169-8DD4CCCCDA10}.Release|x64.ActiveCfg = Release|x64
		{CCB2973D-08A2-488A-8169-8DD4CCCCDA10}.Release|x64.Build.0 = Release|x64
		{CCB2973D-08A2-488A-8169-8DD4CCCCDA10}.Release|x86.ActiveCfg = Release|Win32
		{CCB2973D-08A2-488A-8169-8DD4CCCCDA10}.Release|x86.Build.0 = Release|Win32
		{FCF985D1-B292-4E3B-8C3D-0044F96A279A}.Debug|x64.ActiveCfg = Debug|x64
		{FCF985D1-B292-4E3B-8C3D-0044F96A279A}.Debug|x64.Build.0 = Debug|x64
		{FCF985D1-B292-4E3B-8C3D-0044F96A279A}.Debug|x86.ActiveCfg = Debug|Win32
		{FCF985D1-B292-4E3B-8C3D-0044F96A279A}.Debug|x86.Build.0 = Debug|Win32
		{FCF985D1-B292-4E3B-8C3D-0044F96A279A}.Release|x64.ActiveCfg = Release|x64
		{FCF985D1-B292-4E3B-8C3D-0044F96A279A}.Release|x64.Build.0 = Release|x64
		{FCF985D1-B292-4E3B-8C3D-0044F96A279A}.Release|x86.ActiveCfg = Release|Win32
		{FCF985D1-B292-4E3B-8C3D-0044F96A279A}.Release|x86.Build.0 = Release|Win32
	EndGlobalSection
	GlobalSection(SolutionProperties) = preSolution
		HideSolutionNode = FALSE
	EndGlobalSection
EndGlobal
