
Microsoft Visual Studio Solution File, Format Version 12.00
# Visual Studio 14
VisualStudioVersion = 14.0.24720.0
MinimumVisualStudioVersion = 10.0.40219.1
Project("{8BC9CEB8-8B4A-11D0-8D11-00A0C91BC942}") = "BookExerciseUnit5-09", "BookExerciseUnit5-9\BookExerciseUnit5-9.vcxproj", "{828E1632-C561-4492-9DD7-ED03482D334E}"
EndProject
Project("{8BC9CEB8-8B4A-11D0-8D11-00A0C91BC942}") = "BookExerciseUnit5-08", "BookExerciseUnit5-8\BookExerciseUnit5-8.vcxproj", "{4698700A-A80B-4707-BC2F-CCA6F5F7C172}"
EndProject
Project("{8BC9CEB8-8B4A-11D0-8D11-00A0C91BC942}") = "BookExerciseUnit5-10", "BookExerciseUnit5-10\BookExerciseUnit5-10.vcxproj", "{46A6EA65-C6E5-47ED-9DD5-3F1DCCBA5F17}"
EndProject
Project("{8BC9CEB8-8B4A-11D0-8D11-00A0C91BC942}") = "BookExerciseUnit5-11", "BookExerciseUnit5-11\BookExerciseUnit5-11.vcxproj", "{5FB437BB-53C5-4D9B-A10F-C17090F4FDD7}"
EndProject
Project("{8BC9CEB8-8B4A-11D0-8D11-00A0C91BC942}") = "BookExerciseUnit5-13", "BookExerciseUnit5-13\BookExerciseUnit5-13.vcxproj", "{BC976823-9EC8-4DB6-802B-27656FF24022}"
EndProject
Project("{8BC9CEB8-8B4A-11D0-8D11-00A0C91BC942}") = "BookExerciseUnit5-14", "BookExerciseUnit5-14\BookExerciseUnit5-14.vcxproj", "{74360FDE-B457-4F63-A56A-6C8C333873D8}"
EndProject
Project("{8BC9CEB8-8B4A-11D0-8D11-00A0C91BC942}") = "BookExerciseUnit5-15", "BookExerciseUnit5-15\BookExerciseUnit5-15.vcxproj", "{3271A4B3-0048-4831-9883-0BF6F20BAD72}"
EndProject
Project("{8BC9CEB8-8B4A-11D0-8D11-00A0C91BC942}") = "BookExerciseUnit5-16", "BookExerciseUnit5-16\BookExerciseUnit5-16.vcxproj", "{D27A6C88-E4E8-49AC-B804-392F30E69F8B}"
EndProject
Project("{8BC9CEB8-8B4A-11D0-8D11-00A0C91BC942}") = "BookExerciseUnit5-17", "BookExerciseUnit5-17\BookExerciseUnit5-17.vcxproj", "{E6DC77C1-FB80-4952-9FAE-0799E42E1B5D}"
EndProject
Project("{8BC9CEB8-8B4A-11D0-8D11-00A0C91BC942}") = "BookExerciseUnit5-18", "BookExerciseUnit5-18\BookExerciseUnit5-18.vcxproj", "{4D8C59D8-16FC-444A-AF7A-54761FC9356A}"
EndProject
Project("{8BC9CEB8-8B4A-11D0-8D11-00A0C91BC942}") = "BookExerciseUnit5-19", "BookExerciseUnit5-19\BookExerciseUnit5-19.vcxproj", "{455B610D-A462-4B2E-B5FD-0A43C6F6709E}"
EndProject
Project("{8BC9CEB8-8B4A-11D0-8D11-00A0C91BC942}") = "BookExerciseUnit5-20", "BookExerciseUnit5-20\BookExerciseUnit5-20.vcxproj", "{876B5178-E526-4D61-B30E-862A218E71E1}"
EndProject
Project("{8BC9CEB8-8B4A-11D0-8D11-00A0C91BC942}") = "BookExerciseUnit5-22", "BookExerciseUnit5-22\BookExerciseUnit5-22.vcxproj", "{F3F01054-4781-4E74-8AE6-DE52AF4A2DAB}"
EndProject
Project("{8BC9CEB8-8B4A-11D0-8D11-00A0C91BC942}") = "BookExerciseUnit5-23", "BookExerciseUnit5-23\BookExerciseUnit5-23.vcxproj", "{1F5F7AC2-A5AE-4799-96DB-A347496F8570}"
EndProject
Project("{8BC9CEB8-8B4A-11D0-8D11-00A0C91BC942}") = "BookExerciseUnit5-24", "BookExerciseUnit5-24\BookExerciseUnit5-24.vcxproj", "{E819C190-0D4D-4F21-AB10-9D05A3E20F7B}"
EndProject
Project("{8BC9CEB8-8B4A-11D0-8D11-00A0C91BC942}") = "BookExerciseUnit5-25", "BookExerciseUnit5-25\BookExerciseUnit5-25.vcxproj", "{86901130-A195-4643-AEEA-4B6D2CE9AE51}"
EndProject
Project("{8BC9CEB8-8B4A-11D0-8D11-00A0C91BC942}") = "BookExerciseUnit5-26", "BookExerciseUnit5-26\BookExerciseUnit5-26.vcxproj", "{B83F111E-F1E6-433C-80D9-FD9AA9E5A987}"
EndProject
Project("{8BC9CEB8-8B4A-11D0-8D11-00A0C91BC942}") = "BookExerciseUnit5-27", "BookExerciseUnit5-27\BookExerciseUnit5-27.vcxproj", "{35A4C0EB-80C8-42AA-9D81-9BBF408217C2}"
EndProject
Project("{8BC9CEB8-8B4A-11D0-8D11-00A0C91BC942}") = "BookExerciseUnit5-28", "BookExerciseUnit5-28\BookExerciseUnit5-28.vcxproj", "{CBEB88C7-B404-4DEF-8F94-9D2C8B40AA01}"
EndProject
Project("{8BC9CEB8-8B4A-11D0-8D11-00A0C91BC942}") = "BookExerciseUnit5-29", "BookExerciseUnit5-29\BookExerciseUnit5-29.vcxproj", "{EE1390F4-1F61-466E-8757-7AF15B1664BF}"
EndProject
Project("{8BC9CEB8-8B4A-11D0-8D11-00A0C91BC942}") = "BookExerciseUnit5-30", "BookExerciseUnit5-30\BookExerciseUnit5-30.vcxproj", "{24B62C96-7E31-4D04-A38B-27512F39AC2D}"
EndProject
Project("{8BC9CEB8-8B4A-11D0-8D11-00A0C91BC942}") = "BookExerciseUnit5-31", "BookExerciseUnit5-31\BookExerciseUnit5-31.vcxproj", "{2AE67FD1-15A0-4761-A619-BFF315ABAD0A}"
EndProject
Project("{8BC9CEB8-8B4A-11D0-8D11-00A0C91BC942}") = "BookExerciseUnit5-32", "BookExerciseUnit5-32\BookExerciseUnit5-32.vcxproj", "{200DCC15-01CA-4D65-86F2-2C96160D6EA9}"
EndProject
Project("{8BC9CEB8-8B4A-11D0-8D11-00A0C91BC942}") = "BookExerciseUnit5-33", "BookExerciseUnit5-33\BookExerciseUnit5-33.vcxproj", "{FA641927-4CBF-45A5-8606-466DFAD8364F}"
EndProject
Project("{8BC9CEB8-8B4A-11D0-8D11-00A0C91BC942}") = "BookExerciseUnit5-34", "BookExerciseUnit5-34\BookExerciseUnit5-34.vcxproj", "{916BEE20-4193-4427-BB48-61EF39359B08}"
EndProject
Project("{8BC9CEB8-8B4A-11D0-8D11-00A0C91BC942}") = "BookExerciseUnit5-35", "BookExerciseUnit5-35\BookExerciseUnit5-35.vcxproj", "{131E77C7-DBB5-4243-BE7C-5C3C44D2CEDC}"
EndProject
Project("{8BC9CEB8-8B4A-11D0-8D11-00A0C91BC942}") = "BookExerciseUnit5-36(HARD)", "BookExerciseUnit5-36\BookExerciseUnit5-36.vcxproj", "{291F8EF3-B919-42E4-BD4F-CA92730F6F19}"
EndProject
Project("{8BC9CEB8-8B4A-11D0-8D11-00A0C91BC942}") = "BookExerciseUnit5-39", "BookExerciseUnit5-39\BookExerciseUnit5-39.vcxproj", "{AFC224EC-2201-4E11-BE29-B5885DCD32B7}"
EndProject
Project("{8BC9CEB8-8B4A-11D0-8D11-00A0C91BC942}") = "BookExerciseUnit5-40", "BookExerciseUnit5-40\BookExerciseUnit5-40.vcxproj", "{24AA660E-44AE-46C6-B5E5-15D4F961BC5E}"
EndProject
Project("{8BC9CEB8-8B4A-11D0-8D11-00A0C91BC942}") = "BookExerciseUnit5-41", "BookExerciseUnit5-41\BookExerciseUnit5-41.vcxproj", "{0A3CCDF5-E75D-423D-A03A-8A6E1B954811}"
EndProject
Project("{8BC9CEB8-8B4A-11D0-8D11-00A0C91BC942}") = "BookExerciseUnit5-42", "BookExerciseUnit5-42\BookExerciseUnit5-42.vcxproj", "{3AFCB697-A115-4D4D-BDF4-6CEDEEB80141}"
EndProject
Project("{8BC9CEB8-8B4A-11D0-8D11-00A0C91BC942}") = "BookExerciseUnit5-43", "BookExerciseUnit5-43\BookExerciseUnit5-43.vcxproj", "{95C68700-9C3C-41D4-8E59-A0A0070AFEF9}"
EndProject
Project("{8BC9CEB8-8B4A-11D0-8D11-00A0C91BC942}") = "BookExerciseUnit5-44", "BookExerciseUnit5-44\BookExerciseUnit5-44.vcxproj", "{9F365CB3-EFC4-4DAB-96AB-ACE6DDA79A09}"
EndProject
Global
	GlobalSection(SolutionConfigurationPlatforms) = preSolution
		Debug|x64 = Debug|x64
		Debug|x86 = Debug|x86
		Release|x64 = Release|x64
		Release|x86 = Release|x86
	EndGlobalSection
	GlobalSection(ProjectConfigurationPlatforms) = postSolution
		{828E1632-C561-4492-9DD7-ED03482D334E}.Debug|x64.ActiveCfg = Debug|x64
		{828E1632-C561-4492-9DD7-ED03482D334E}.Debug|x64.Build.0 = Debug|x64
		{828E1632-C561-4492-9DD7-ED03482D334E}.Debug|x86.ActiveCfg = Debug|Win32
		{828E1632-C561-4492-9DD7-ED03482D334E}.Debug|x86.Build.0 = Debug|Win32
		{828E1632-C561-4492-9DD7-ED03482D334E}.Release|x64.ActiveCfg = Release|x64
		{828E1632-C561-4492-9DD7-ED03482D334E}.Release|x64.Build.0 = Release|x64
		{828E1632-C561-4492-9DD7-ED03482D334E}.Release|x86.ActiveCfg = Release|Win32
		{828E1632-C561-4492-9DD7-ED03482D334E}.Release|x86.Build.0 = Release|Win32
		{4698700A-A80B-4707-BC2F-CCA6F5F7C172}.Debug|x64.ActiveCfg = Debug|x64
		{4698700A-A80B-4707-BC2F-CCA6F5F7C172}.Debug|x64.Build.0 = Debug|x64
		{4698700A-A80B-4707-BC2F-CCA6F5F7C172}.Debug|x86.ActiveCfg = Debug|Win32
		{4698700A-A80B-4707-BC2F-CCA6F5F7C172}.Debug|x86.Build.0 = Debug|Win32
		{4698700A-A80B-4707-BC2F-CCA6F5F7C172}.Release|x64.ActiveCfg = Release|x64
		{4698700A-A80B-4707-BC2F-CCA6F5F7C172}.Release|x64.Build.0 = Release|x64
		{4698700A-A80B-4707-BC2F-CCA6F5F7C172}.Release|x86.ActiveCfg = Release|Win32
		{4698700A-A80B-4707-BC2F-CCA6F5F7C172}.Release|x86.Build.0 = Release|Win32
		{46A6EA65-C6E5-47ED-9DD5-3F1DCCBA5F17}.Debug|x64.ActiveCfg = Debug|x64
		{46A6EA65-C6E5-47ED-9DD5-3F1DCCBA5F17}.Debug|x64.Build.0 = Debug|x64
		{46A6EA65-C6E5-47ED-9DD5-3F1DCCBA5F17}.Debug|x86.ActiveCfg = Debug|Win32
		{46A6EA65-C6E5-47ED-9DD5-3F1DCCBA5F17}.Debug|x86.Build.0 = Debug|Win32
		{46A6EA65-C6E5-47ED-9DD5-3F1DCCBA5F17}.Release|x64.ActiveCfg = Release|x64
		{46A6EA65-C6E5-47ED-9DD5-3F1DCCBA5F17}.Release|x64.Build.0 = Release|x64
		{46A6EA65-C6E5-47ED-9DD5-3F1DCCBA5F17}.Release|x86.ActiveCfg = Release|Win32
		{46A6EA65-C6E5-47ED-9DD5-3F1DCCBA5F17}.Release|x86.Build.0 = Release|Win32
		{5FB437BB-53C5-4D9B-A10F-C17090F4FDD7}.Debug|x64.ActiveCfg = Debug|x64
		{5FB437BB-53C5-4D9B-A10F-C17090F4FDD7}.Debug|x64.Build.0 = Debug|x64
		{5FB437BB-53C5-4D9B-A10F-C17090F4FDD7}.Debug|x86.ActiveCfg = Debug|Win32
		{5FB437BB-53C5-4D9B-A10F-C17090F4FDD7}.Debug|x86.Build.0 = Debug|Win32
		{5FB437BB-53C5-4D9B-A10F-C17090F4FDD7}.Release|x64.ActiveCfg = Release|x64
		{5FB437BB-53C5-4D9B-A10F-C17090F4FDD7}.Release|x64.Build.0 = Release|x64
		{5FB437BB-53C5-4D9B-A10F-C17090F4FDD7}.Release|x86.ActiveCfg = Release|Win32
		{5FB437BB-53C5-4D9B-A10F-C17090F4FDD7}.Release|x86.Build.0 = Release|Win32
		{BC976823-9EC8-4DB6-802B-27656FF24022}.Debug|x64.ActiveCfg = Debug|x64
		{BC976823-9EC8-4DB6-802B-27656FF24022}.Debug|x64.Build.0 = Debug|x64
		{BC976823-9EC8-4DB6-802B-27656FF24022}.Debug|x86.ActiveCfg = Debug|Win32
		{BC976823-9EC8-4DB6-802B-27656FF24022}.Debug|x86.Build.0 = Debug|Win32
		{BC976823-9EC8-4DB6-802B-27656FF24022}.Release|x64.ActiveCfg = Release|x64
		{BC976823-9EC8-4DB6-802B-27656FF24022}.Release|x64.Build.0 = Release|x64
		{BC976823-9EC8-4DB6-802B-27656FF24022}.Release|x86.ActiveCfg = Release|Win32
		{BC976823-9EC8-4DB6-802B-27656FF24022}.Release|x86.Build.0 = Release|Win32
		{74360FDE-B457-4F63-A56A-6C8C333873D8}.Debug|x64.ActiveCfg = Debug|x64
		{74360FDE-B457-4F63-A56A-6C8C333873D8}.Debug|x64.Build.0 = Debug|x64
		{74360FDE-B457-4F63-A56A-6C8C333873D8}.Debug|x86.ActiveCfg = Debug|Win32
		{74360FDE-B457-4F63-A56A-6C8C333873D8}.Debug|x86.Build.0 = Debug|Win32
		{74360FDE-B457-4F63-A56A-6C8C333873D8}.Release|x64.ActiveCfg = Release|x64
		{74360FDE-B457-4F63-A56A-6C8C333873D8}.Release|x64.Build.0 = Release|x64
		{74360FDE-B457-4F63-A56A-6C8C333873D8}.Release|x86.ActiveCfg = Release|Win32
		{74360FDE-B457-4F63-A56A-6C8C333873D8}.Release|x86.Build.0 = Release|Win32
		{3271A4B3-0048-4831-9883-0BF6F20BAD72}.Debug|x64.ActiveCfg = Debug|x64
		{3271A4B3-0048-4831-9883-0BF6F20BAD72}.Debug|x64.Build.0 = Debug|x64
		{3271A4B3-0048-4831-9883-0BF6F20BAD72}.Debug|x86.ActiveCfg = Debug|Win32
		{3271A4B3-0048-4831-9883-0BF6F20BAD72}.Debug|x86.Build.0 = Debug|Win32
		{3271A4B3-0048-4831-9883-0BF6F20BAD72}.Release|x64.ActiveCfg = Release|x64
		{3271A4B3-0048-4831-9883-0BF6F20BAD72}.Release|x64.Build.0 = Release|x64
		{3271A4B3-0048-4831-9883-0BF6F20BAD72}.Release|x86.ActiveCfg = Release|Win32
		{3271A4B3-0048-4831-9883-0BF6F20BAD72}.Release|x86.Build.0 = Release|Win32
		{D27A6C88-E4E8-49AC-B804-392F30E69F8B}.Debug|x64.ActiveCfg = Debug|x64
		{D27A6C88-E4E8-49AC-B804-392F30E69F8B}.Debug|x64.Build.0 = Debug|x64
		{D27A6C88-E4E8-49AC-B804-392F30E69F8B}.Debug|x86.ActiveCfg = Debug|Win32
		{D27A6C88-E4E8-49AC-B804-392F30E69F8B}.Debug|x86.Build.0 = Debug|Win32
		{D27A6C88-E4E8-49AC-B804-392F30E69F8B}.Release|x64.ActiveCfg = Release|x64
		{D27A6C88-E4E8-49AC-B804-392F30E69F8B}.Release|x64.Build.0 = Release|x64
		{D27A6C88-E4E8-49AC-B804-392F30E69F8B}.Release|x86.ActiveCfg = Release|Win32
		{D27A6C88-E4E8-49AC-B804-392F30E69F8B}.Release|x86.Build.0 = Release|Win32
		{E6DC77C1-FB80-4952-9FAE-0799E42E1B5D}.Debug|x64.ActiveCfg = Debug|x64
		{E6DC77C1-FB80-4952-9FAE-0799E42E1B5D}.Debug|x64.Build.0 = Debug|x64
		{E6DC77C1-FB80-4952-9FAE-0799E42E1B5D}.Debug|x86.ActiveCfg = Debug|Win32
		{E6DC77C1-FB80-4952-9FAE-0799E42E1B5D}.Debug|x86.Build.0 = Debug|Win32
		{E6DC77C1-FB80-4952-9FAE-0799E42E1B5D}.Release|x64.ActiveCfg = Release|x64
		{E6DC77C1-FB80-4952-9FAE-0799E42E1B5D}.Release|x64.Build.0 = Release|x64
		{E6DC77C1-FB80-4952-9FAE-0799E42E1B5D}.Release|x86.ActiveCfg = Release|Win32
		{E6DC77C1-FB80-4952-9FAE-0799E42E1B5D}.Release|x86.Build.0 = Release|Win32
		{4D8C59D8-16FC-444A-AF7A-54761FC9356A}.Debug|x64.ActiveCfg = Debug|x64
		{4D8C59D8-16FC-444A-AF7A-54761FC9356A}.Debug|x64.Build.0 = Debug|x64
		{4D8C59D8-16FC-444A-AF7A-54761FC9356A}.Debug|x86.ActiveCfg = Debug|Win32
		{4D8C59D8-16FC-444A-AF7A-54761FC9356A}.Debug|x86.Build.0 = Debug|Win32
		{4D8C59D8-16FC-444A-AF7A-54761FC9356A}.Release|x64.ActiveCfg = Release|x64
		{4D8C59D8-16FC-444A-AF7A-54761FC9356A}.Release|x64.Build.0 = Release|x64
		{4D8C59D8-16FC-444A-AF7A-54761FC9356A}.Release|x86.ActiveCfg = Release|Win32
		{4D8C59D8-16FC-444A-AF7A-54761FC9356A}.Release|x86.Build.0 = Release|Win32
		{455B610D-A462-4B2E-B5FD-0A43C6F6709E}.Debug|x64.ActiveCfg = Debug|x64
		{455B610D-A462-4B2E-B5FD-0A43C6F6709E}.Debug|x64.Build.0 = Debug|x64
		{455B610D-A462-4B2E-B5FD-0A43C6F6709E}.Debug|x86.ActiveCfg = Debug|Win32
		{455B610D-A462-4B2E-B5FD-0A43C6F6709E}.Debug|x86.Build.0 = Debug|Win32
		{455B610D-A462-4B2E-B5FD-0A43C6F6709E}.Release|x64.ActiveCfg = Release|x64
		{455B610D-A462-4B2E-B5FD-0A43C6F6709E}.Release|x64.Build.0 = Release|x64
		{455B610D-A462-4B2E-B5FD-0A43C6F6709E}.Release|x86.ActiveCfg = Release|Win32
		{455B610D-A462-4B2E-B5FD-0A43C6F6709E}.Release|x86.Build.0 = Release|Win32
		{876B5178-E526-4D61-B30E-862A218E71E1}.Debug|x64.ActiveCfg = Debug|x64
		{876B5178-E526-4D61-B30E-862A218E71E1}.Debug|x64.Build.0 = Debug|x64
		{876B5178-E526-4D61-B30E-862A218E71E1}.Debug|x86.ActiveCfg = Debug|Win32
		{876B5178-E526-4D61-B30E-862A218E71E1}.Debug|x86.Build.0 = Debug|Win32
		{876B5178-E526-4D61-B30E-862A218E71E1}.Release|x64.ActiveCfg = Release|x64
		{876B5178-E526-4D61-B30E-862A218E71E1}.Release|x64.Build.0 = Release|x64
		{876B5178-E526-4D61-B30E-862A218E71E1}.Release|x86.ActiveCfg = Release|Win32
		{876B5178-E526-4D61-B30E-862A218E71E1}.Release|x86.Build.0 = Release|Win32
		{F3F01054-4781-4E74-8AE6-DE52AF4A2DAB}.Debug|x64.ActiveCfg = Debug|x64
		{F3F01054-4781-4E74-8AE6-DE52AF4A2DAB}.Debug|x64.Build.0 = Debug|x64
		{F3F01054-4781-4E74-8AE6-DE52AF4A2DAB}.Debug|x86.ActiveCfg = Debug|Win32
		{F3F01054-4781-4E74-8AE6-DE52AF4A2DAB}.Debug|x86.Build.0 = Debug|Win32
		{F3F01054-4781-4E74-8AE6-DE52AF4A2DAB}.Release|x64.ActiveCfg = Release|x64
		{F3F01054-4781-4E74-8AE6-DE52AF4A2DAB}.Release|x64.Build.0 = Release|x64
		{F3F01054-4781-4E74-8AE6-DE52AF4A2DAB}.Release|x86.ActiveCfg = Release|Win32
		{F3F01054-4781-4E74-8AE6-DE52AF4A2DAB}.Release|x86.Build.0 = Release|Win32
		{1F5F7AC2-A5AE-4799-96DB-A347496F8570}.Debug|x64.ActiveCfg = Debug|x64
		{1F5F7AC2-A5AE-4799-96DB-A347496F8570}.Debug|x64.Build.0 = Debug|x64
		{1F5F7AC2-A5AE-4799-96DB-A347496F8570}.Debug|x86.ActiveCfg = Debug|Win32
		{1F5F7AC2-A5AE-4799-96DB-A347496F8570}.Debug|x86.Build.0 = Debug|Win32
		{1F5F7AC2-A5AE-4799-96DB-A347496F8570}.Release|x64.ActiveCfg = Release|x64
		{1F5F7AC2-A5AE-4799-96DB-A347496F8570}.Release|x64.Build.0 = Release|x64
		{1F5F7AC2-A5AE-4799-96DB-A347496F8570}.Release|x86.ActiveCfg = Release|Win32
		{1F5F7AC2-A5AE-4799-96DB-A347496F8570}.Release|x86.Build.0 = Release|Win32
		{E819C190-0D4D-4F21-AB10-9D05A3E20F7B}.Debug|x64.ActiveCfg = Debug|x64
		{E819C190-0D4D-4F21-AB10-9D05A3E20F7B}.Debug|x64.Build.0 = Debug|x64
		{E819C190-0D4D-4F21-AB10-9D05A3E20F7B}.Debug|x86.ActiveCfg = Debug|Win32
		{E819C190-0D4D-4F21-AB10-9D05A3E20F7B}.Debug|x86.Build.0 = Debug|Win32
		{E819C190-0D4D-4F21-AB10-9D05A3E20F7B}.Release|x64.ActiveCfg = Release|x64
		{E819C190-0D4D-4F21-AB10-9D05A3E20F7B}.Release|x64.Build.0 = Release|x64
		{E819C190-0D4D-4F21-AB10-9D05A3E20F7B}.Release|x86.ActiveCfg = Release|Win32
		{E819C190-0D4D-4F21-AB10-9D05A3E20F7B}.Release|x86.Build.0 = Release|Win32
		{86901130-A195-4643-AEEA-4B6D2CE9AE51}.Debug|x64.ActiveCfg = Debug|x64
		{86901130-A195-4643-AEEA-4B6D2CE9AE51}.Debug|x64.Build.0 = Debug|x64
		{86901130-A195-4643-AEEA-4B6D2CE9AE51}.Debug|x86.ActiveCfg = Debug|Win32
		{86901130-A195-4643-AEEA-4B6D2CE9AE51}.Debug|x86.Build.0 = Debug|Win32
		{86901130-A195-4643-AEEA-4B6D2CE9AE51}.Release|x64.ActiveCfg = Release|x64
		{86901130-A195-4643-AEEA-4B6D2CE9AE51}.Release|x64.Build.0 = Release|x64
		{86901130-A195-4643-AEEA-4B6D2CE9AE51}.Release|x86.ActiveCfg = Release|Win32
		{86901130-A195-4643-AEEA-4B6D2CE9AE51}.Release|x86.Build.0 = Release|Win32
		{B83F111E-F1E6-433C-80D9-FD9AA9E5A987}.Debug|x64.ActiveCfg = Debug|x64
		{B83F111E-F1E6-433C-80D9-FD9AA9E5A987}.Debug|x64.Build.0 = Debug|x64
		{B83F111E-F1E6-433C-80D9-FD9AA9E5A987}.Debug|x86.ActiveCfg = Debug|Win32
		{B83F111E-F1E6-433C-80D9-FD9AA9E5A987}.Debug|x86.Build.0 = Debug|Win32
		{B83F111E-F1E6-433C-80D9-FD9AA9E5A987}.Release|x64.ActiveCfg = Release|x64
		{B83F111E-F1E6-433C-80D9-FD9AA9E5A987}.Release|x64.Build.0 = Release|x64
		{B83F111E-F1E6-433C-80D9-FD9AA9E5A987}.Release|x86.ActiveCfg = Release|Win32
		{B83F111E-F1E6-433C-80D9-FD9AA9E5A987}.Release|x86.Build.0 = Release|Win32
		{35A4C0EB-80C8-42AA-9D81-9BBF408217C2}.Debug|x64.ActiveCfg = Debug|x64
		{35A4C0EB-80C8-42AA-9D81-9BBF408217C2}.Debug|x64.Build.0 = Debug|x64
		{35A4C0EB-80C8-42AA-9D81-9BBF408217C2}.Debug|x86.ActiveCfg = Debug|Win32
		{35A4C0EB-80C8-42AA-9D81-9BBF408217C2}.Debug|x86.Build.0 = Debug|Win32
		{35A4C0EB-80C8-42AA-9D81-9BBF408217C2}.Release|x64.ActiveCfg = Release|x64
		{35A4C0EB-80C8-42AA-9D81-9BBF408217C2}.Release|x64.Build.0 = Release|x64
		{35A4C0EB-80C8-42AA-9D81-9BBF408217C2}.Release|x86.ActiveCfg = Release|Win32
		{35A4C0EB-80C8-42AA-9D81-9BBF408217C2}.Release|x86.Build.0 = Release|Win32
		{CBEB88C7-B404-4DEF-8F94-9D2C8B40AA01}.Debug|x64.ActiveCfg = Debug|x64
		{CBEB88C7-B404-4DEF-8F94-9D2C8B40AA01}.Debug|x64.Build.0 = Debug|x64
		{CBEB88C7-B404-4DEF-8F94-9D2C8B40AA01}.Debug|x86.ActiveCfg = Debug|Win32
		{CBEB88C7-B404-4DEF-8F94-9D2C8B40AA01}.Debug|x86.Build.0 = Debug|Win32
		{CBEB88C7-B404-4DEF-8F94-9D2C8B40AA01}.Release|x64.ActiveCfg = Release|x64
		{CBEB88C7-B404-4DEF-8F94-9D2C8B40AA01}.Release|x64.Build.0 = Release|x64
		{CBEB88C7-B404-4DEF-8F94-9D2C8B40AA01}.Release|x86.ActiveCfg = Release|Win32
		{CBEB88C7-B404-4DEF-8F94-9D2C8B40AA01}.Release|x86.Build.0 = Release|Win32
		{EE1390F4-1F61-466E-8757-7AF15B1664BF}.Debug|x64.ActiveCfg = Debug|x64
		{EE1390F4-1F61-466E-8757-7AF15B1664BF}.Debug|x64.Build.0 = Debug|x64
		{EE1390F4-1F61-466E-8757-7AF15B1664BF}.Debug|x86.ActiveCfg = Debug|Win32
		{EE1390F4-1F61-466E-8757-7AF15B1664BF}.Debug|x86.Build.0 = Debug|Win32
		{EE1390F4-1F61-466E-8757-7AF15B1664BF}.Release|x64.ActiveCfg = Release|x64
		{EE1390F4-1F61-466E-8757-7AF15B1664BF}.Release|x64.Build.0 = Release|x64
		{EE1390F4-1F61-466E-8757-7AF15B1664BF}.Release|x86.ActiveCfg = Release|Win32
		{EE1390F4-1F61-466E-8757-7AF15B1664BF}.Release|x86.Build.0 = Release|Win32
		{24B62C96-7E31-4D04-A38B-27512F39AC2D}.Debug|x64.ActiveCfg = Debug|x64
		{24B62C96-7E31-4D04-A38B-27512F39AC2D}.Debug|x64.Build.0 = Debug|x64
		{24B62C96-7E31-4D04-A38B-27512F39AC2D}.Debug|x86.ActiveCfg = Debug|Win32
		{24B62C96-7E31-4D04-A38B-27512F39AC2D}.Debug|x86.Build.0 = Debug|Win32
		{24B62C96-7E31-4D04-A38B-27512F39AC2D}.Release|x64.ActiveCfg = Release|x64
		{24B62C96-7E31-4D04-A38B-27512F39AC2D}.Release|x64.Build.0 = Release|x64
		{24B62C96-7E31-4D04-A38B-27512F39AC2D}.Release|x86.ActiveCfg = Release|Win32
		{24B62C96-7E31-4D04-A38B-27512F39AC2D}.Release|x86.Build.0 = Release|Win32
		{2AE67FD1-15A0-4761-A619-BFF315ABAD0A}.Debug|x64.ActiveCfg = Debug|x64
		{2AE67FD1-15A0-4761-A619-BFF315ABAD0A}.Debug|x64.Build.0 = Debug|x64
		{2AE67FD1-15A0-4761-A619-BFF315ABAD0A}.Debug|x86.ActiveCfg = Debug|Win32
		{2AE67FD1-15A0-4761-A619-BFF315ABAD0A}.Debug|x86.Build.0 = Debug|Win32
		{2AE67FD1-15A0-4761-A619-BFF315ABAD0A}.Release|x64.ActiveCfg = Release|x64
		{2AE67FD1-15A0-4761-A619-BFF315ABAD0A}.Release|x64.Build.0 = Release|x64
		{2AE67FD1-15A0-4761-A619-BFF315ABAD0A}.Release|x86.ActiveCfg = Release|Win32
		{2AE67FD1-15A0-4761-A619-BFF315ABAD0A}.Release|x86.Build.0 = Release|Win32
		{200DCC15-01CA-4D65-86F2-2C96160D6EA9}.Debug|x64.ActiveCfg = Debug|x64
		{200DCC15-01CA-4D65-86F2-2C96160D6EA9}.Debug|x64.Build.0 = Debug|x64
		{200DCC15-01CA-4D65-86F2-2C96160D6EA9}.Debug|x86.ActiveCfg = Debug|Win32
		{200DCC15-01CA-4D65-86F2-2C96160D6EA9}.Debug|x86.Build.0 = Debug|Win32
		{200DCC15-01CA-4D65-86F2-2C96160D6EA9}.Release|x64.ActiveCfg = Release|x64
		{200DCC15-01CA-4D65-86F2-2C96160D6EA9}.Release|x64.Build.0 = Release|x64
		{200DCC15-01CA-4D65-86F2-2C96160D6EA9}.Release|x86.ActiveCfg = Release|Win32
		{200DCC15-01CA-4D65-86F2-2C96160D6EA9}.Release|x86.Build.0 = Release|Win32
		{FA641927-4CBF-45A5-8606-466DFAD8364F}.Debug|x64.ActiveCfg = Debug|x64
		{FA641927-4CBF-45A5-8606-466DFAD8364F}.Debug|x64.Build.0 = Debug|x64
		{FA641927-4CBF-45A5-8606-466DFAD8364F}.Debug|x86.ActiveCfg = Debug|Win32
		{FA641927-4CBF-45A5-8606-466DFAD8364F}.Debug|x86.Build.0 = Debug|Win32
		{FA641927-4CBF-45A5-8606-466DFAD8364F}.Release|x64.ActiveCfg = Release|x64
		{FA641927-4CBF-45A5-8606-466DFAD8364F}.Release|x64.Build.0 = Release|x64
		{FA641927-4CBF-45A5-8606-466DFAD8364F}.Release|x86.ActiveCfg = Release|Win32
		{FA641927-4CBF-45A5-8606-466DFAD8364F}.Release|x86.Build.0 = Release|Win32
		{916BEE20-4193-4427-BB48-61EF39359B08}.Debug|x64.ActiveCfg = Debug|x64
		{916BEE20-4193-4427-BB48-61EF39359B08}.Debug|x64.Build.0 = Debug|x64
		{916BEE20-4193-4427-BB48-61EF39359B08}.Debug|x86.ActiveCfg = Debug|Win32
		{916BEE20-4193-4427-BB48-61EF39359B08}.Debug|x86.Build.0 = Debug|Win32
		{916BEE20-4193-4427-BB48-61EF39359B08}.Release|x64.ActiveCfg = Release|x64
		{916BEE20-4193-4427-BB48-61EF39359B08}.Release|x64.Build.0 = Release|x64
		{916BEE20-4193-4427-BB48-61EF39359B08}.Release|x86.ActiveCfg = Release|Win32
		{916BEE20-4193-4427-BB48-61EF39359B08}.Release|x86.Build.0 = Release|Win32
		{131E77C7-DBB5-4243-BE7C-5C3C44D2CEDC}.Debug|x64.ActiveCfg = Debug|x64
		{131E77C7-DBB5-4243-BE7C-5C3C44D2CEDC}.Debug|x64.Build.0 = Debug|x64
		{131E77C7-DBB5-4243-BE7C-5C3C44D2CEDC}.Debug|x86.ActiveCfg = Debug|Win32
		{131E77C7-DBB5-4243-BE7C-5C3C44D2CEDC}.Debug|x86.Build.0 = Debug|Win32
		{131E77C7-DBB5-4243-BE7C-5C3C44D2CEDC}.Release|x64.ActiveCfg = Release|x64
		{131E77C7-DBB5-4243-BE7C-5C3C44D2CEDC}.Release|x64.Build.0 = Release|x64
		{131E77C7-DBB5-4243-BE7C-5C3C44D2CEDC}.Release|x86.ActiveCfg = Release|Win32
		{131E77C7-DBB5-4243-BE7C-5C3C44D2CEDC}.Release|x86.Build.0 = Release|Win32
		{291F8EF3-B919-42E4-BD4F-CA92730F6F19}.Debug|x64.ActiveCfg = Debug|x64
		{291F8EF3-B919-42E4-BD4F-CA92730F6F19}.Debug|x64.Build.0 = Debug|x64
		{291F8EF3-B919-42E4-BD4F-CA92730F6F19}.Debug|x86.ActiveCfg = Debug|Win32
		{291F8EF3-B919-42E4-BD4F-CA92730F6F19}.Debug|x86.Build.0 = Debug|Win32
		{291F8EF3-B919-42E4-BD4F-CA92730F6F19}.Release|x64.ActiveCfg = Release|x64
		{291F8EF3-B919-42E4-BD4F-CA92730F6F19}.Release|x64.Build.0 = Release|x64
		{291F8EF3-B919-42E4-BD4F-CA92730F6F19}.Release|x86.ActiveCfg = Release|Win32
		{291F8EF3-B919-42E4-BD4F-CA92730F6F19}.Release|x86.Build.0 = Release|Win32
		{AFC224EC-2201-4E11-BE29-B5885DCD32B7}.Debug|x64.ActiveCfg = Debug|x64
		{AFC224EC-2201-4E11-BE29-B5885DCD32B7}.Debug|x64.Build.0 = Debug|x64
		{AFC224EC-2201-4E11-BE29-B5885DCD32B7}.Debug|x86.ActiveCfg = Debug|Win32
		{AFC224EC-2201-4E11-BE29-B5885DCD32B7}.Debug|x86.Build.0 = Debug|Win32
		{AFC224EC-2201-4E11-BE29-B5885DCD32B7}.Release|x64.ActiveCfg = Release|x64
		{AFC224EC-2201-4E11-BE29-B5885DCD32B7}.Release|x64.Build.0 = Release|x64
		{AFC224EC-2201-4E11-BE29-B5885DCD32B7}.Release|x86.ActiveCfg = Release|Win32
		{AFC224EC-2201-4E11-BE29-B5885DCD32B7}.Release|x86.Build.0 = Release|Win32
		{24AA660E-44AE-46C6-B5E5-15D4F961BC5E}.Debug|x64.ActiveCfg = Debug|x64
		{24AA660E-44AE-46C6-B5E5-15D4F961BC5E}.Debug|x64.Build.0 = Debug|x64
		{24AA660E-44AE-46C6-B5E5-15D4F961BC5E}.Debug|x86.ActiveCfg = Debug|Win32
		{24AA660E-44AE-46C6-B5E5-15D4F961BC5E}.Debug|x86.Build.0 = Debug|Win32
		{24AA660E-44AE-46C6-B5E5-15D4F961BC5E}.Release|x64.ActiveCfg = Release|x64
		{24AA660E-44AE-46C6-B5E5-15D4F961BC5E}.Release|x64.Build.0 = Release|x64
		{24AA660E-44AE-46C6-B5E5-15D4F961BC5E}.Release|x86.ActiveCfg = Release|Win32
		{24AA660E-44AE-46C6-B5E5-15D4F961BC5E}.Release|x86.Build.0 = Release|Win32
		{0A3CCDF5-E75D-423D-A03A-8A6E1B954811}.Debug|x64.ActiveCfg = Debug|x64
		{0A3CCDF5-E75D-423D-A03A-8A6E1B954811}.Debug|x64.Build.0 = Debug|x64
		{0A3CCDF5-E75D-423D-A03A-8A6E1B954811}.Debug|x86.ActiveCfg = Debug|Win32
		{0A3CCDF5-E75D-423D-A03A-8A6E1B954811}.Debug|x86.Build.0 = Debug|Win32
		{0A3CCDF5-E75D-423D-A03A-8A6E1B954811}.Release|x64.ActiveCfg = Release|x64
		{0A3CCDF5-E75D-423D-A03A-8A6E1B954811}.Release|x64.Build.0 = Release|x64
		{0A3CCDF5-E75D-423D-A03A-8A6E1B954811}.Release|x86.ActiveCfg = Release|Win32
		{0A3CCDF5-E75D-423D-A03A-8A6E1B954811}.Release|x86.Build.0 = Release|Win32
		{3AFCB697-A115-4D4D-BDF4-6CEDEEB80141}.Debug|x64.ActiveCfg = Debug|x64
		{3AFCB697-A115-4D4D-BDF4-6CEDEEB80141}.Debug|x64.Build.0 = Debug|x64
		{3AFCB697-A115-4D4D-BDF4-6CEDEEB80141}.Debug|x86.ActiveCfg = Debug|Win32
		{3AFCB697-A115-4D4D-BDF4-6CEDEEB80141}.Debug|x86.Build.0 = Debug|Win32
		{3AFCB697-A115-4D4D-BDF4-6CEDEEB80141}.Release|x64.ActiveCfg = Release|x64
		{3AFCB697-A115-4D4D-BDF4-6CEDEEB80141}.Release|x64.Build.0 = Release|x64
		{3AFCB697-A115-4D4D-BDF4-6CEDEEB80141}.Release|x86.ActiveCfg = Release|Win32
		{3AFCB697-A115-4D4D-BDF4-6CEDEEB80141}.Release|x86.Build.0 = Release|Win32
		{95C68700-9C3C-41D4-8E59-A0A0070AFEF9}.Debug|x64.ActiveCfg = Debug|x64
		{95C68700-9C3C-41D4-8E59-A0A0070AFEF9}.Debug|x64.Build.0 = Debug|x64
		{95C68700-9C3C-41D4-8E59-A0A0070AFEF9}.Debug|x86.ActiveCfg = Debug|Win32
		{95C68700-9C3C-41D4-8E59-A0A0070AFEF9}.Debug|x86.Build.0 = Debug|Win32
		{95C68700-9C3C-41D4-8E59-A0A0070AFEF9}.Release|x64.ActiveCfg = Release|x64
		{95C68700-9C3C-41D4-8E59-A0A0070AFEF9}.Release|x64.Build.0 = Release|x64
		{95C68700-9C3C-41D4-8E59-A0A0070AFEF9}.Release|x86.ActiveCfg = Release|Win32
		{95C68700-9C3C-41D4-8E59-A0A0070AFEF9}.Release|x86.Build.0 = Release|Win32
		{9F365CB3-EFC4-4DAB-96AB-ACE6DDA79A09}.Debug|x64.ActiveCfg = Debug|x64
		{9F365CB3-EFC4-4DAB-96AB-ACE6DDA79A09}.Debug|x64.Build.0 = Debug|x64
		{9F365CB3-EFC4-4DAB-96AB-ACE6DDA79A09}.Debug|x86.ActiveCfg = Debug|Win32
		{9F365CB3-EFC4-4DAB-96AB-ACE6DDA79A09}.Debug|x86.Build.0 = Debug|Win32
		{9F365CB3-EFC4-4DAB-96AB-ACE6DDA79A09}.Release|x64.ActiveCfg = Release|x64
		{9F365CB3-EFC4-4DAB-96AB-ACE6DDA79A09}.Release|x64.Build.0 = Release|x64
		{9F365CB3-EFC4-4DAB-96AB-ACE6DDA79A09}.Release|x86.ActiveCfg = Release|Win32
		{9F365CB3-EFC4-4DAB-96AB-ACE6DDA79A09}.Release|x86.Build.0 = Release|Win32
	EndGlobalSection
	GlobalSection(SolutionProperties) = preSolution
		HideSolutionNode = FALSE
	EndGlobalSection
EndGlobal
