
Microsoft Visual Studio Solution File, Format Version 12.00
# Visual Studio 14
VisualStudioVersion = 14.0.25123.0
MinimumVisualStudioVersion = 10.0.40219.1
Project("{8BC9CEB8-8B4A-11D0-8D11-00A0C91BC942}") = "a001", "a001\a001.vcxproj", "{7AEC4AB6-19E0-4355-ACBB-23FF397EC0FC}"
EndProject
Project("{8BC9CEB8-8B4A-11D0-8D11-00A0C91BC942}") = "a002", "a002\a002.vcxproj", "{5BCB0B0A-3A24-4F1B-B93E-799A41D35633}"
EndProject
Project("{8BC9CEB8-8B4A-11D0-8D11-00A0C91BC942}") = "a003", "a003\a003.vcxproj", "{F531008D-0352-4573-9FFD-5C962CCE73A0}"
EndProject
Project("{8BC9CEB8-8B4A-11D0-8D11-00A0C91BC942}") = "a004", "a004\a004.vcxproj", "{CCE1E9F6-8234-4FDE-9E48-CADB45E7E841}"
EndProject
Project("{8BC9CEB8-8B4A-11D0-8D11-00A0C91BC942}") = "d067", "d067\d067.vcxproj", "{035680E3-D910-463A-B016-8527B088C909}"
EndProject
Project("{8BC9CEB8-8B4A-11D0-8D11-00A0C91BC942}") = "d069", "d069\d069.vcxproj", "{513F62FC-8DB2-4DD7-A538-2949AD955F7F}"
EndProject
Project("{8BC9CEB8-8B4A-11D0-8D11-00A0C91BC942}") = "d070", "d070\d070.vcxproj", "{FE09C29B-5DBE-4C00-8FDB-92BBD94384FC}"
EndProject
Project("{8BC9CEB8-8B4A-11D0-8D11-00A0C91BC942}") = "d071", "d071\d071.vcxproj", "{1BBA821F-C853-4C19-B398-5E749047DD74}"
EndProject
Project("{8BC9CEB8-8B4A-11D0-8D11-00A0C91BC942}") = "d072", "d072\d072.vcxproj", "{21FA4704-5352-4752-8561-A6EC81F9669D}"
EndProject
Project("{8BC9CEB8-8B4A-11D0-8D11-00A0C91BC942}") = "d532", "d532\d532.vcxproj", "{3208EA69-B802-495A-8CCB-400654281575}"
EndProject
Project("{8BC9CEB8-8B4A-11D0-8D11-00A0C91BC942}") = "a799", "a799\a799.vcxproj", "{C7CF1C1A-BBC8-4A2A-AED9-5500F875DC84}"
EndProject
Project("{8BC9CEB8-8B4A-11D0-8D11-00A0C91BC942}") = "d483", "d483\d483.vcxproj", "{EA050B03-6B15-4766-BF5C-3C9DBFE45C35}"
EndProject
Project("{8BC9CEB8-8B4A-11D0-8D11-00A0C91BC942}") = "d498", "d498\d498.vcxproj", "{9C89216B-8EAC-4C93-9C4C-017028D4CA5A}"
EndProject
Project("{8BC9CEB8-8B4A-11D0-8D11-00A0C91BC942}") = "a005", "a005\a005.vcxproj", "{9BE63029-B0E5-42D8-932B-61DEA772EC0D}"
EndProject
Project("{8BC9CEB8-8B4A-11D0-8D11-00A0C91BC942}") = "a006", "a006\a006.vcxproj", "{3F71AD03-4520-4DBF-A84C-1F775E055999}"
EndProject
Project("{8BC9CEB8-8B4A-11D0-8D11-00A0C91BC942}") = "a009", "a009\a009.vcxproj", "{061773B2-DFD8-44C1-8024-80BFB5B6D647}"
EndProject
Project("{8BC9CEB8-8B4A-11D0-8D11-00A0C91BC942}") = "a010", "a010\a010.vcxproj", "{F8DF6B03-7A96-4AF9-8A0F-97FCF9EEE750}"
EndProject
Project("{8BC9CEB8-8B4A-11D0-8D11-00A0C91BC942}") = "a065", "a065\a065.vcxproj", "{ECED6033-8000-4C3A-9947-213A53CAF7DB}"
EndProject
Project("{8BC9CEB8-8B4A-11D0-8D11-00A0C91BC942}") = "d660", "d660\d660.vcxproj", "{FD3120EC-043E-427A-AB40-81FDAE303951}"
EndProject
Project("{8BC9CEB8-8B4A-11D0-8D11-00A0C91BC942}") = "a244", "a244\a244.vcxproj", "{4E1F8E5A-D609-4308-ACEB-B0527216BF59}"
EndProject
Project("{8BC9CEB8-8B4A-11D0-8D11-00A0C91BC942}") = "a621", "a621\a621.vcxproj", "{4575A772-AE99-4219-95AF-94F0AF7A0F6D}"
EndProject
Project("{8BC9CEB8-8B4A-11D0-8D11-00A0C91BC942}") = "d064", "d064\d064.vcxproj", "{D9F89249-7963-4607-A85B-7ECB799844DA}"
EndProject
Project("{8BC9CEB8-8B4A-11D0-8D11-00A0C91BC942}") = "a059", "a059\a059.vcxproj", "{3D65F5D7-1EF5-4EE8-AEF8-FD98EF1E0161}"
EndProject
Project("{8BC9CEB8-8B4A-11D0-8D11-00A0C91BC942}") = "b679", "b679\b679.vcxproj", "{DE13EB65-3998-492C-AD74-23FD727E5726}"
EndProject
Project("{8BC9CEB8-8B4A-11D0-8D11-00A0C91BC942}") = "a121", "a121\a121.vcxproj", "{4C42329A-B8BA-4C02-85EF-0BF66B52A494}"
EndProject
Project("{8BC9CEB8-8B4A-11D0-8D11-00A0C91BC942}") = "c060", "c060\c060.vcxproj", "{F3E6D503-72B2-477F-A321-86A5F318323D}"
EndProject
Global
	GlobalSection(SolutionConfigurationPlatforms) = preSolution
		Debug|x64 = Debug|x64
		Debug|x86 = Debug|x86
		Release|x64 = Release|x64
		Release|x86 = Release|x86
	EndGlobalSection
	GlobalSection(ProjectConfigurationPlatforms) = postSolution
		{7AEC4AB6-19E0-4355-ACBB-23FF397EC0FC}.Debug|x64.ActiveCfg = Debug|x64
		{7AEC4AB6-19E0-4355-ACBB-23FF397EC0FC}.Debug|x64.Build.0 = Debug|x64
		{7AEC4AB6-19E0-4355-ACBB-23FF397EC0FC}.Debug|x86.ActiveCfg = Debug|Win32
		{7AEC4AB6-19E0-4355-ACBB-23FF397EC0FC}.Debug|x86.Build.0 = Debug|Win32
		{7AEC4AB6-19E0-4355-ACBB-23FF397EC0FC}.Release|x64.ActiveCfg = Release|x64
		{7AEC4AB6-19E0-4355-ACBB-23FF397EC0FC}.Release|x64.Build.0 = Release|x64
		{7AEC4AB6-19E0-4355-ACBB-23FF397EC0FC}.Release|x86.ActiveCfg = Release|Win32
		{7AEC4AB6-19E0-4355-ACBB-23FF397EC0FC}.Release|x86.Build.0 = Release|Win32
		{5BCB0B0A-3A24-4F1B-B93E-799A41D35633}.Debug|x64.ActiveCfg = Debug|x64
		{5BCB0B0A-3A24-4F1B-B93E-799A41D35633}.Debug|x64.Build.0 = Debug|x64
		{5BCB0B0A-3A24-4F1B-B93E-799A41D35633}.Debug|x86.ActiveCfg = Debug|Win32
		{5BCB0B0A-3A24-4F1B-B93E-799A41D35633}.Debug|x86.Build.0 = Debug|Win32
		{5BCB0B0A-3A24-4F1B-B93E-799A41D35633}.Release|x64.ActiveCfg = Release|x64
		{5BCB0B0A-3A24-4F1B-B93E-799A41D35633}.Release|x64.Build.0 = Release|x64
		{5BCB0B0A-3A24-4F1B-B93E-799A41D35633}.Release|x86.ActiveCfg = Release|Win32
		{5BCB0B0A-3A24-4F1B-B93E-799A41D35633}.Release|x86.Build.0 = Release|Win32
		{F531008D-0352-4573-9FFD-5C962CCE73A0}.Debug|x64.ActiveCfg = Debug|x64
		{F531008D-0352-4573-9FFD-5C962CCE73A0}.Debug|x64.Build.0 = Debug|x64
		{F531008D-0352-4573-9FFD-5C962CCE73A0}.Debug|x86.ActiveCfg = Debug|Win32
		{F531008D-0352-4573-9FFD-5C962CCE73A0}.Debug|x86.Build.0 = Debug|Win32
		{F531008D-0352-4573-9FFD-5C962CCE73A0}.Release|x64.ActiveCfg = Release|x64
		{F531008D-0352-4573-9FFD-5C962CCE73A0}.Release|x64.Build.0 = Release|x64
		{F531008D-0352-4573-9FFD-5C962CCE73A0}.Release|x86.ActiveCfg = Release|Win32
		{F531008D-0352-4573-9FFD-5C962CCE73A0}.Release|x86.Build.0 = Release|Win32
		{CCE1E9F6-8234-4FDE-9E48-CADB45E7E841}.Debug|x64.ActiveCfg = Debug|x64
		{CCE1E9F6-8234-4FDE-9E48-CADB45E7E841}.Debug|x64.Build.0 = Debug|x64
		{CCE1E9F6-8234-4FDE-9E48-CADB45E7E841}.Debug|x86.ActiveCfg = Debug|Win32
		{CCE1E9F6-8234-4FDE-9E48-CADB45E7E841}.Debug|x86.Build.0 = Debug|Win32
		{CCE1E9F6-8234-4FDE-9E48-CADB45E7E841}.Release|x64.ActiveCfg = Release|x64
		{CCE1E9F6-8234-4FDE-9E48-CADB45E7E841}.Release|x64.Build.0 = Release|x64
		{CCE1E9F6-8234-4FDE-9E48-CADB45E7E841}.Release|x86.ActiveCfg = Release|Win32
		{CCE1E9F6-8234-4FDE-9E48-CADB45E7E841}.Release|x86.Build.0 = Release|Win32
		{035680E3-D910-463A-B016-8527B088C909}.Debug|x64.ActiveCfg = Debug|x64
		{035680E3-D910-463A-B016-8527B088C909}.Debug|x64.Build.0 = Debug|x64
		{035680E3-D910-463A-B016-8527B088C909}.Debug|x86.ActiveCfg = Debug|Win32
		{035680E3-D910-463A-B016-8527B088C909}.Debug|x86.Build.0 = Debug|Win32
		{035680E3-D910-463A-B016-8527B088C909}.Release|x64.ActiveCfg = Release|x64
		{035680E3-D910-463A-B016-8527B088C909}.Release|x64.Build.0 = Release|x64
		{035680E3-D910-463A-B016-8527B088C909}.Release|x86.ActiveCfg = Release|Win32
		{035680E3-D910-463A-B016-8527B088C909}.Release|x86.Build.0 = Release|Win32
		{513F62FC-8DB2-4DD7-A538-2949AD955F7F}.Debug|x64.ActiveCfg = Debug|x64
		{513F62FC-8DB2-4DD7-A538-2949AD955F7F}.Debug|x64.Build.0 = Debug|x64
		{513F62FC-8DB2-4DD7-A538-2949AD955F7F}.Debug|x86.ActiveCfg = Debug|Win32
		{513F62FC-8DB2-4DD7-A538-2949AD955F7F}.Debug|x86.Build.0 = Debug|Win32
		{513F62FC-8DB2-4DD7-A538-2949AD955F7F}.Release|x64.ActiveCfg = Release|x64
		{513F62FC-8DB2-4DD7-A538-2949AD955F7F}.Release|x64.Build.0 = Release|x64
		{513F62FC-8DB2-4DD7-A538-2949AD955F7F}.Release|x86.ActiveCfg = Release|Win32
		{513F62FC-8DB2-4DD7-A538-2949AD955F7F}.Release|x86.Build.0 = Release|Win32
		{FE09C29B-5DBE-4C00-8FDB-92BBD94384FC}.Debug|x64.ActiveCfg = Debug|x64
		{FE09C29B-5DBE-4C00-8FDB-92BBD94384FC}.Debug|x64.Build.0 = Debug|x64
		{FE09C29B-5DBE-4C00-8FDB-92BBD94384FC}.Debug|x86.ActiveCfg = Debug|Win32
		{FE09C29B-5DBE-4C00-8FDB-92BBD94384FC}.Debug|x86.Build.0 = Debug|Win32
		{FE09C29B-5DBE-4C00-8FDB-92BBD94384FC}.Release|x64.ActiveCfg = Release|x64
		{FE09C29B-5DBE-4C00-8FDB-92BBD94384FC}.Release|x64.Build.0 = Release|x64
		{FE09C29B-5DBE-4C00-8FDB-92BBD94384FC}.Release|x86.ActiveCfg = Release|Win32
		{FE09C29B-5DBE-4C00-8FDB-92BBD94384FC}.Release|x86.Build.0 = Release|Win32
		{1BBA821F-C853-4C19-B398-5E749047DD74}.Debug|x64.ActiveCfg = Debug|x64
		{1BBA821F-C853-4C19-B398-5E749047DD74}.Debug|x64.Build.0 = Debug|x64
		{1BBA821F-C853-4C19-B398-5E749047DD74}.Debug|x86.ActiveCfg = Debug|Win32
		{1BBA821F-C853-4C19-B398-5E749047DD74}.Debug|x86.Build.0 = Debug|Win32
		{1BBA821F-C853-4C19-B398-5E749047DD74}.Release|x64.ActiveCfg = Release|x64
		{1BBA821F-C853-4C19-B398-5E749047DD74}.Release|x64.Build.0 = Release|x64
		{1BBA821F-C853-4C19-B398-5E749047DD74}.Release|x86.ActiveCfg = Release|Win32
		{1BBA821F-C853-4C19-B398-5E749047DD74}.Release|x86.Build.0 = Release|Win32
		{21FA4704-5352-4752-8561-A6EC81F9669D}.Debug|x64.ActiveCfg = Debug|x64
		{21FA4704-5352-4752-8561-A6EC81F9669D}.Debug|x64.Build.0 = Debug|x64
		{21FA4704-5352-4752-8561-A6EC81F9669D}.Debug|x86.ActiveCfg = Debug|Win32
		{21FA4704-5352-4752-8561-A6EC81F9669D}.Debug|x86.Build.0 = Debug|Win32
		{21FA4704-5352-4752-8561-A6EC81F9669D}.Release|x64.ActiveCfg = Release|x64
		{21FA4704-5352-4752-8561-A6EC81F9669D}.Release|x64.Build.0 = Release|x64
		{21FA4704-5352-4752-8561-A6EC81F9669D}.Release|x86.ActiveCfg = Release|Win32
		{21FA4704-5352-4752-8561-A6EC81F9669D}.Release|x86.Build.0 = Release|Win32
		{3208EA69-B802-495A-8CCB-400654281575}.Debug|x64.ActiveCfg = Debug|x64
		{3208EA69-B802-495A-8CCB-400654281575}.Debug|x64.Build.0 = Debug|x64
		{3208EA69-B802-495A-8CCB-400654281575}.Debug|x86.ActiveCfg = Debug|Win32
		{3208EA69-B802-495A-8CCB-400654281575}.Debug|x86.Build.0 = Debug|Win32
		{3208EA69-B802-495A-8CCB-400654281575}.Release|x64.ActiveCfg = Release|x64
		{3208EA69-B802-495A-8CCB-400654281575}.Release|x64.Build.0 = Release|x64
		{3208EA69-B802-495A-8CCB-400654281575}.Release|x86.ActiveCfg = Release|Win32
		{3208EA69-B802-495A-8CCB-400654281575}.Release|x86.Build.0 = Release|Win32
		{C7CF1C1A-BBC8-4A2A-AED9-5500F875DC84}.Debug|x64.ActiveCfg = Debug|x64
		{C7CF1C1A-BBC8-4A2A-AED9-5500F875DC84}.Debug|x64.Build.0 = Debug|x64
		{C7CF1C1A-BBC8-4A2A-AED9-5500F875DC84}.Debug|x86.ActiveCfg = Debug|Win32
		{C7CF1C1A-BBC8-4A2A-AED9-5500F875DC84}.Debug|x86.Build.0 = Debug|Win32
		{C7CF1C1A-BBC8-4A2A-AED9-5500F875DC84}.Release|x64.ActiveCfg = Release|x64
		{C7CF1C1A-BBC8-4A2A-AED9-5500F875DC84}.Release|x64.Build.0 = Release|x64
		{C7CF1C1A-BBC8-4A2A-AED9-5500F875DC84}.Release|x86.ActiveCfg = Release|Win32
		{C7CF1C1A-BBC8-4A2A-AED9-5500F875DC84}.Release|x86.Build.0 = Release|Win32
		{EA050B03-6B15-4766-BF5C-3C9DBFE45C35}.Debug|x64.ActiveCfg = Debug|x64
		{EA050B03-6B15-4766-BF5C-3C9DBFE45C35}.Debug|x64.Build.0 = Debug|x64
		{EA050B03-6B15-4766-BF5C-3C9DBFE45C35}.Debug|x86.ActiveCfg = Debug|Win32
		{EA050B03-6B15-4766-BF5C-3C9DBFE45C35}.Debug|x86.Build.0 = Debug|Win32
		{EA050B03-6B15-4766-BF5C-3C9DBFE45C35}.Release|x64.ActiveCfg = Release|x64
		{EA050B03-6B15-4766-BF5C-3C9DBFE45C35}.Release|x64.Build.0 = Release|x64
		{EA050B03-6B15-4766-BF5C-3C9DBFE45C35}.Release|x86.ActiveCfg = Release|Win32
		{EA050B03-6B15-4766-BF5C-3C9DBFE45C35}.Release|x86.Build.0 = Release|Win32
		{9C89216B-8EAC-4C93-9C4C-017028D4CA5A}.Debug|x64.ActiveCfg = Debug|x64
		{9C89216B-8EAC-4C93-9C4C-017028D4CA5A}.Debug|x64.Build.0 = Debug|x64
		{9C89216B-8EAC-4C93-9C4C-017028D4CA5A}.Debug|x86.ActiveCfg = Debug|Win32
		{9C89216B-8EAC-4C93-9C4C-017028D4CA5A}.Debug|x86.Build.0 = Debug|Win32
		{9C89216B-8EAC-4C93-9C4C-017028D4CA5A}.Release|x64.ActiveCfg = Release|x64
		{9C89216B-8EAC-4C93-9C4C-017028D4CA5A}.Release|x64.Build.0 = Release|x64
		{9C89216B-8EAC-4C93-9C4C-017028D4CA5A}.Release|x86.ActiveCfg = Release|Win32
		{9C89216B-8EAC-4C93-9C4C-017028D4CA5A}.Release|x86.Build.0 = Release|Win32
		{9BE63029-B0E5-42D8-932B-61DEA772EC0D}.Debug|x64.ActiveCfg = Debug|x64
		{9BE63029-B0E5-42D8-932B-61DEA772EC0D}.Debug|x64.Build.0 = Debug|x64
		{9BE63029-B0E5-42D8-932B-61DEA772EC0D}.Debug|x86.ActiveCfg = Debug|Win32
		{9BE63029-B0E5-42D8-932B-61DEA772EC0D}.Debug|x86.Build.0 = Debug|Win32
		{9BE63029-B0E5-42D8-932B-61DEA772EC0D}.Release|x64.ActiveCfg = Release|x64
		{9BE63029-B0E5-42D8-932B-61DEA772EC0D}.Release|x64.Build.0 = Release|x64
		{9BE63029-B0E5-42D8-932B-61DEA772EC0D}.Release|x86.ActiveCfg = Release|Win32
		{9BE63029-B0E5-42D8-932B-61DEA772EC0D}.Release|x86.Build.0 = Release|Win32
		{3F71AD03-4520-4DBF-A84C-1F775E055999}.Debug|x64.ActiveCfg = Debug|x64
		{3F71AD03-4520-4DBF-A84C-1F775E055999}.Debug|x64.Build.0 = Debug|x64
		{3F71AD03-4520-4DBF-A84C-1F775E055999}.Debug|x86.ActiveCfg = Debug|Win32
		{3F71AD03-4520-4DBF-A84C-1F775E055999}.Debug|x86.Build.0 = Debug|Win32
		{3F71AD03-4520-4DBF-A84C-1F775E055999}.Release|x64.ActiveCfg = Release|x64
		{3F71AD03-4520-4DBF-A84C-1F775E055999}.Release|x64.Build.0 = Release|x64
		{3F71AD03-4520-4DBF-A84C-1F775E055999}.Release|x86.ActiveCfg = Release|Win32
		{3F71AD03-4520-4DBF-A84C-1F775E055999}.Release|x86.Build.0 = Release|Win32
		{061773B2-DFD8-44C1-8024-80BFB5B6D647}.Debug|x64.ActiveCfg = Debug|x64
		{061773B2-DFD8-44C1-8024-80BFB5B6D647}.Debug|x64.Build.0 = Debug|x64
		{061773B2-DFD8-44C1-8024-80BFB5B6D647}.Debug|x86.ActiveCfg = Debug|Win32
		{061773B2-DFD8-44C1-8024-80BFB5B6D647}.Debug|x86.Build.0 = Debug|Win32
		{061773B2-DFD8-44C1-8024-80BFB5B6D647}.Release|x64.ActiveCfg = Release|x64
		{061773B2-DFD8-44C1-8024-80BFB5B6D647}.Release|x64.Build.0 = Release|x64
		{061773B2-DFD8-44C1-8024-80BFB5B6D647}.Release|x86.ActiveCfg = Release|Win32
		{061773B2-DFD8-44C1-8024-80BFB5B6D647}.Release|x86.Build.0 = Release|Win32
		{F8DF6B03-7A96-4AF9-8A0F-97FCF9EEE750}.Debug|x64.ActiveCfg = Debug|x64
		{F8DF6B03-7A96-4AF9-8A0F-97FCF9EEE750}.Debug|x64.Build.0 = Debug|x64
		{F8DF6B03-7A96-4AF9-8A0F-97FCF9EEE750}.Debug|x86.ActiveCfg = Debug|Win32
		{F8DF6B03-7A96-4AF9-8A0F-97FCF9EEE750}.Debug|x86.Build.0 = Debug|Win32
		{F8DF6B03-7A96-4AF9-8A0F-97FCF9EEE750}.Release|x64.ActiveCfg = Release|x64
		{F8DF6B03-7A96-4AF9-8A0F-97FCF9EEE750}.Release|x64.Build.0 = Release|x64
		{F8DF6B03-7A96-4AF9-8A0F-97FCF9EEE750}.Release|x86.ActiveCfg = Release|Win32
		{F8DF6B03-7A96-4AF9-8A0F-97FCF9EEE750}.Release|x86.Build.0 = Release|Win32
		{ECED6033-8000-4C3A-9947-213A53CAF7DB}.Debug|x64.ActiveCfg = Debug|x64
		{ECED6033-8000-4C3A-9947-213A53CAF7DB}.Debug|x64.Build.0 = Debug|x64
		{ECED6033-8000-4C3A-9947-213A53CAF7DB}.Debug|x86.ActiveCfg = Debug|Win32
		{ECED6033-8000-4C3A-9947-213A53CAF7DB}.Debug|x86.Build.0 = Debug|Win32
		{ECED6033-8000-4C3A-9947-213A53CAF7DB}.Release|x64.ActiveCfg = Release|x64
		{ECED6033-8000-4C3A-9947-213A53CAF7DB}.Release|x64.Build.0 = Release|x64
		{ECED6033-8000-4C3A-9947-213A53CAF7DB}.Release|x86.ActiveCfg = Release|Win32
		{ECED6033-8000-4C3A-9947-213A53CAF7DB}.Release|x86.Build.0 = Release|Win32
		{FD3120EC-043E-427A-AB40-81FDAE303951}.Debug|x64.ActiveCfg = Debug|x64
		{FD3120EC-043E-427A-AB40-81FDAE303951}.Debug|x64.Build.0 = Debug|x64
		{FD3120EC-043E-427A-AB40-81FDAE303951}.Debug|x86.ActiveCfg = Debug|Win32
		{FD3120EC-043E-427A-AB40-81FDAE303951}.Debug|x86.Build.0 = Debug|Win32
		{FD3120EC-043E-427A-AB40-81FDAE303951}.Release|x64.ActiveCfg = Release|x64
		{FD3120EC-043E-427A-AB40-81FDAE303951}.Release|x64.Build.0 = Release|x64
		{FD3120EC-043E-427A-AB40-81FDAE303951}.Release|x86.ActiveCfg = Release|Win32
		{FD3120EC-043E-427A-AB40-81FDAE303951}.Release|x86.Build.0 = Release|Win32
		{4E1F8E5A-D609-4308-ACEB-B0527216BF59}.Debug|x64.ActiveCfg = Debug|x64
		{4E1F8E5A-D609-4308-ACEB-B0527216BF59}.Debug|x64.Build.0 = Debug|x64
		{4E1F8E5A-D609-4308-ACEB-B0527216BF59}.Debug|x86.ActiveCfg = Debug|Win32
		{4E1F8E5A-D609-4308-ACEB-B0527216BF59}.Debug|x86.Build.0 = Debug|Win32
		{4E1F8E5A-D609-4308-ACEB-B0527216BF59}.Release|x64.ActiveCfg = Release|x64
		{4E1F8E5A-D609-4308-ACEB-B0527216BF59}.Release|x64.Build.0 = Release|x64
		{4E1F8E5A-D609-4308-ACEB-B0527216BF59}.Release|x86.ActiveCfg = Release|Win32
		{4E1F8E5A-D609-4308-ACEB-B0527216BF59}.Release|x86.Build.0 = Release|Win32
		{4575A772-AE99-4219-95AF-94F0AF7A0F6D}.Debug|x64.ActiveCfg = Debug|x64
		{4575A772-AE99-4219-95AF-94F0AF7A0F6D}.Debug|x64.Build.0 = Debug|x64
		{4575A772-AE99-4219-95AF-94F0AF7A0F6D}.Debug|x86.ActiveCfg = Debug|Win32
		{4575A772-AE99-4219-95AF-94F0AF7A0F6D}.Debug|x86.Build.0 = Debug|Win32
		{4575A772-AE99-4219-95AF-94F0AF7A0F6D}.Release|x64.ActiveCfg = Release|x64
		{4575A772-AE99-4219-95AF-94F0AF7A0F6D}.Release|x64.Build.0 = Release|x64
		{4575A772-AE99-4219-95AF-94F0AF7A0F6D}.Release|x86.ActiveCfg = Release|Win32
		{4575A772-AE99-4219-95AF-94F0AF7A0F6D}.Release|x86.Build.0 = Release|Win32
		{D9F89249-7963-4607-A85B-7ECB799844DA}.Debug|x64.ActiveCfg = Debug|x64
		{D9F89249-7963-4607-A85B-7ECB799844DA}.Debug|x64.Build.0 = Debug|x64
		{D9F89249-7963-4607-A85B-7ECB799844DA}.Debug|x86.ActiveCfg = Debug|Win32
		{D9F89249-7963-4607-A85B-7ECB799844DA}.Debug|x86.Build.0 = Debug|Win32
		{D9F89249-7963-4607-A85B-7ECB799844DA}.Release|x64.ActiveCfg = Release|x64
		{D9F89249-7963-4607-A85B-7ECB799844DA}.Release|x64.Build.0 = Release|x64
		{D9F89249-7963-4607-A85B-7ECB799844DA}.Release|x86.ActiveCfg = Release|Win32
		{D9F89249-7963-4607-A85B-7ECB799844DA}.Release|x86.Build.0 = Release|Win32
		{3D65F5D7-1EF5-4EE8-AEF8-FD98EF1E0161}.Debug|x64.ActiveCfg = Debug|x64
		{3D65F5D7-1EF5-4EE8-AEF8-FD98EF1E0161}.Debug|x64.Build.0 = Debug|x64
		{3D65F5D7-1EF5-4EE8-AEF8-FD98EF1E0161}.Debug|x86.ActiveCfg = Debug|Win32
		{3D65F5D7-1EF5-4EE8-AEF8-FD98EF1E0161}.Debug|x86.Build.0 = Debug|Win32
		{3D65F5D7-1EF5-4EE8-AEF8-FD98EF1E0161}.Release|x64.ActiveCfg = Release|x64
		{3D65F5D7-1EF5-4EE8-AEF8-FD98EF1E0161}.Release|x64.Build.0 = Release|x64
		{3D65F5D7-1EF5-4EE8-AEF8-FD98EF1E0161}.Release|x86.ActiveCfg = Release|Win32
		{3D65F5D7-1EF5-4EE8-AEF8-FD98EF1E0161}.Release|x86.Build.0 = Release|Win32
		{DE13EB65-3998-492C-AD74-23FD727E5726}.Debug|x64.ActiveCfg = Debug|x64
		{DE13EB65-3998-492C-AD74-23FD727E5726}.Debug|x64.Build.0 = Debug|x64
		{DE13EB65-3998-492C-AD74-23FD727E5726}.Debug|x86.ActiveCfg = Debug|Win32
		{DE13EB65-3998-492C-AD74-23FD727E5726}.Debug|x86.Build.0 = Debug|Win32
		{DE13EB65-3998-492C-AD74-23FD727E5726}.Release|x64.ActiveCfg = Release|x64
		{DE13EB65-3998-492C-AD74-23FD727E5726}.Release|x64.Build.0 = Release|x64
		{DE13EB65-3998-492C-AD74-23FD727E5726}.Release|x86.ActiveCfg = Release|Win32
		{DE13EB65-3998-492C-AD74-23FD727E5726}.Release|x86.Build.0 = Release|Win32
		{4C42329A-B8BA-4C02-85EF-0BF66B52A494}.Debug|x64.ActiveCfg = Debug|x64
		{4C42329A-B8BA-4C02-85EF-0BF66B52A494}.Debug|x64.Build.0 = Debug|x64
		{4C42329A-B8BA-4C02-85EF-0BF66B52A494}.Debug|x86.ActiveCfg = Debug|Win32
		{4C42329A-B8BA-4C02-85EF-0BF66B52A494}.Debug|x86.Build.0 = Debug|Win32
		{4C42329A-B8BA-4C02-85EF-0BF66B52A494}.Release|x64.ActiveCfg = Release|x64
		{4C42329A-B8BA-4C02-85EF-0BF66B52A494}.Release|x64.Build.0 = Release|x64
		{4C42329A-B8BA-4C02-85EF-0BF66B52A494}.Release|x86.ActiveCfg = Release|Win32
		{4C42329A-B8BA-4C02-85EF-0BF66B52A494}.Release|x86.Build.0 = Release|Win32
		{F3E6D503-72B2-477F-A321-86A5F318323D}.Debug|x64.ActiveCfg = Debug|x64
		{F3E6D503-72B2-477F-A321-86A5F318323D}.Debug|x64.Build.0 = Debug|x64
		{F3E6D503-72B2-477F-A321-86A5F318323D}.Debug|x86.ActiveCfg = Debug|Win32
		{F3E6D503-72B2-477F-A321-86A5F318323D}.Debug|x86.Build.0 = Debug|Win32
		{F3E6D503-72B2-477F-A321-86A5F318323D}.Release|x64.ActiveCfg = Release|x64
		{F3E6D503-72B2-477F-A321-86A5F318323D}.Release|x64.Build.0 = Release|x64
		{F3E6D503-72B2-477F-A321-86A5F318323D}.Release|x86.ActiveCfg = Release|Win32
		{F3E6D503-72B2-477F-A321-86A5F318323D}.Release|x86.Build.0 = Release|Win32
	EndGlobalSection
	GlobalSection(SolutionProperties) = preSolution
		HideSolutionNode = FALSE
	EndGlobalSection
EndGlobal
