
Microsoft Visual Studio Solution File, Format Version 12.00
# Visual Studio 14
VisualStudioVersion = 14.0.24720.0
MinimumVisualStudioVersion = 10.0.40219.1
Project("{8BC9CEB8-8B4A-11D0-8D11-00A0C91BC942}") = "BookExerciseUnit3-17", "BookExerciseUnit3-17\BookExerciseUnit3-17.vcxproj", "{84CF5209-6431-412F-8A7F-DFF959F2595F}"
EndProject
Project("{8BC9CEB8-8B4A-11D0-8D11-00A0C91BC942}") = "BookExerciseUnit3-19", "BookExerciseUnit3-19\BookExerciseUnit3-19.vcxproj", "{C0E36AE5-065F-4BA5-8D96-A99D9585EB03}"
EndProject
Project("{8BC9CEB8-8B4A-11D0-8D11-00A0C91BC942}") = "BookExerciseUnit3-20", "BookExerciseUnit3-20\BookExerciseUnit3-20.vcxproj", "{51D1C21A-51E8-4528-BC9D-3184CA740DE3}"
EndProject
Project("{8BC9CEB8-8B4A-11D0-8D11-00A0C91BC942}") = "BookExerciseUnit3-34", "BookExerciseUnit3-34\BookExerciseUnit3-34.vcxproj", "{E1B3B9FC-5961-48B1-8B35-FDA82C792305}"
EndProject
Project("{8BC9CEB8-8B4A-11D0-8D11-00A0C91BC942}") = "BookExerciseUnit3-21", "BookExerciseUnit3-21\BookExerciseUnit3-21.vcxproj", "{B800D26C-2FC4-460A-85AB-83B9FD3C6230}"
EndProject
Project("{8BC9CEB8-8B4A-11D0-8D11-00A0C91BC942}") = "BookExerciseUnit3-22", "BookExerciseUnit3-22\BookExerciseUnit3-22.vcxproj", "{EC3D8206-41ED-4EF6-A93F-51AA672EDACE}"
EndProject
Project("{8BC9CEB8-8B4A-11D0-8D11-00A0C91BC942}") = "BookExerciseUnit3-23", "BookExerciseUnit3-23\BookExerciseUnit3-23.vcxproj", "{086A4A1C-7119-4528-98AC-A7D5F5953BCA}"
EndProject
Project("{8BC9CEB8-8B4A-11D0-8D11-00A0C91BC942}") = "BookExerciseUnit3-24", "BookExerciseUnit3-24\BookExerciseUnit3-24.vcxproj", "{88D7121C-28DC-4934-A1FE-5922647D88CD}"
EndProject
Project("{8BC9CEB8-8B4A-11D0-8D11-00A0C91BC942}") = "BookExerciseUnit3-25", "BookExerciseUnit3-25\BookExerciseUnit3-25.vcxproj", "{05455C21-FFC9-41B4-8F1B-C24ADECAAF4E}"
EndProject
Project("{8BC9CEB8-8B4A-11D0-8D11-00A0C91BC942}") = "BookExerciseUnit3-26", "BookExerciseUnit3-26\BookExerciseUnit3-26.vcxproj", "{F53A0D93-65BD-48EB-8707-F290DC84FB1E}"
EndProject
Project("{8BC9CEB8-8B4A-11D0-8D11-00A0C91BC942}") = "BookExerciseUnit3-27", "BookExerciseUnit3-27\BookExerciseUnit3-27.vcxproj", "{4DAB2B43-AF07-4590-8BBF-F11317EC9756}"
EndProject
Project("{8BC9CEB8-8B4A-11D0-8D11-00A0C91BC942}") = "BookExerciseUnit3-29", "BookExerciseUnit3-29\BookExerciseUnit3-29.vcxproj", "{0AF52DD7-8938-4F42-9608-E1779EA0EF60}"
EndProject
Project("{8BC9CEB8-8B4A-11D0-8D11-00A0C91BC942}") = "BookExerciseUnit3-30", "BookExerciseUnit3-30\BookExerciseUnit3-30.vcxproj", "{F5D0C2DD-473A-4629-8F40-B4D2A7389411}"
EndProject
Project("{8BC9CEB8-8B4A-11D0-8D11-00A0C91BC942}") = "BookExerciseUnit3-31", "BookExerciseUnit3-31\BookExerciseUnit3-31.vcxproj", "{A81897E5-27E3-4C79-BC2F-9EC14680ADDC}"
EndProject
Project("{8BC9CEB8-8B4A-11D0-8D11-00A0C91BC942}") = "BookExerciseUnit3-32", "BookExerciseUnit3-32\BookExerciseUnit3-32.vcxproj", "{6C3E7435-2BDF-41B4-B886-B78E066D9899}"
EndProject
Project("{8BC9CEB8-8B4A-11D0-8D11-00A0C91BC942}") = "BookExerciseUnit3-33", "BookExerciseUnit3-33\BookExerciseUnit3-33.vcxproj", "{BE1991AE-A329-4FA1-8DA0-2BD339C32D6C}"
EndProject
Project("{8BC9CEB8-8B4A-11D0-8D11-00A0C91BC942}") = "BookExerciseUnit3-35", "BookExerciseUnit3-35\BookExerciseUnit3-35.vcxproj", "{B1858492-4E87-4B7D-9B09-76C30A8EF68F}"
EndProject
Project("{8BC9CEB8-8B4A-11D0-8D11-00A0C91BC942}") = "BookExerciseUnit3-36", "BookExerciseUnit3-36\BookExerciseUnit3-36.vcxproj", "{381B8BAF-D0D8-406D-9604-6A6B70F9CB03}"
EndProject
Project("{8BC9CEB8-8B4A-11D0-8D11-00A0C91BC942}") = "BookExerciseUnit3-37", "BookExerciseUnit3-37\BookExerciseUnit3-37.vcxproj", "{4DECD47F-4B74-4E13-92CE-59CA7B2E488D}"
EndProject
Project("{8BC9CEB8-8B4A-11D0-8D11-00A0C91BC942}") = "BookExerciseUnit3-38", "BookExerciseUnit3-38\BookExerciseUnit3-38.vcxproj", "{FC64434D-5E83-4251-92B3-200CBE5D4A3D}"
EndProject
Project("{8BC9CEB8-8B4A-11D0-8D11-00A0C91BC942}") = "BookExerciseUnit3-39", "BookExerciseUnit3-39\BookExerciseUnit3-39.vcxproj", "{73132775-2A1C-4DE7-97AF-89213F17240B}"
EndProject
Project("{8BC9CEB8-8B4A-11D0-8D11-00A0C91BC942}") = "BookExerciseUnit3-40", "BookExerciseUnit3-40\BookExerciseUnit3-40.vcxproj", "{8296F609-43B8-4E8C-81C0-1F7CDE675ED6}"
EndProject
Project("{8BC9CEB8-8B4A-11D0-8D11-00A0C91BC942}") = "BookExerciseUnit3-41", "BookExerciseUnit3-41\BookExerciseUnit3-41.vcxproj", "{79CF27D4-5514-4785-BFC8-E56EAD780CDC}"
EndProject
Project("{8BC9CEB8-8B4A-11D0-8D11-00A0C91BC942}") = "BookExerciseUnit3-42", "BookExerciseUnit3-42\BookExerciseUnit3-42.vcxproj", "{F6303515-2DD4-413B-BBBA-508C8CFA822F}"
EndProject
Project("{8BC9CEB8-8B4A-11D0-8D11-00A0C91BC942}") = "BookExerciseUnit3-43", "BookExerciseUnit3-43\BookExerciseUnit3-43.vcxproj", "{669E46D1-E97A-4841-A331-EABD8587A7E5}"
EndProject
Project("{8BC9CEB8-8B4A-11D0-8D11-00A0C91BC942}") = "BookExerciseUnit3-44", "BookExerciseUnit3-44\BookExerciseUnit3-44.vcxproj", "{FE6BE41D-8482-4F08-8969-133384115282}"
EndProject
Project("{8BC9CEB8-8B4A-11D0-8D11-00A0C91BC942}") = "BookExerciseUnit3-45", "BookExerciseUnit3-45\BookExerciseUnit3-45.vcxproj", "{35A5F0B9-123B-40CA-9135-A08754176FB9}"
EndProject
Project("{8BC9CEB8-8B4A-11D0-8D11-00A0C91BC942}") = "BookExerciseUnit3-46", "BookExerciseUnit3-46\BookExerciseUnit3-46.vcxproj", "{4AD375EA-C480-47EB-931A-8DF873F5E731}"
EndProject
Project("{8BC9CEB8-8B4A-11D0-8D11-00A0C91BC942}") = "BookExerciseUnit3-47(IDK)", "BookExerciseUnit3-47\BookExerciseUnit3-47.vcxproj", "{96D0DA0C-EE54-43C1-88E3-1F3914DE151A}"
EndProject
Project("{8BC9CEB8-8B4A-11D0-8D11-00A0C91BC942}") = "BookExerciseUnit3-48", "BookExerciseUnit3-48\BookExerciseUnit3-48.vcxproj", "{025A798C-444E-4F9A-A7A3-0E42659DD14E}"
EndProject
Project("{8BC9CEB8-8B4A-11D0-8D11-00A0C91BC942}") = "BookExerciseUnit3-49", "BookExerciseUnit3-49\BookExerciseUnit3-49.vcxproj", "{26FE299D-98EA-41A1-81FC-429E2F6CF086}"
EndProject
Project("{8BC9CEB8-8B4A-11D0-8D11-00A0C91BC942}") = "BookExerciseUnit3-18", "BookExerciseUnit3-18\BookExerciseUnit3-18.vcxproj", "{54356398-6CED-4685-BAC5-7AE540EBB790}"
EndProject
Global
	GlobalSection(SolutionConfigurationPlatforms) = preSolution
		Debug|x64 = Debug|x64
		Debug|x86 = Debug|x86
		Release|x64 = Release|x64
		Release|x86 = Release|x86
	EndGlobalSection
	GlobalSection(ProjectConfigurationPlatforms) = postSolution
		{84CF5209-6431-412F-8A7F-DFF959F2595F}.Debug|x64.ActiveCfg = Debug|x64
		{84CF5209-6431-412F-8A7F-DFF959F2595F}.Debug|x64.Build.0 = Debug|x64
		{84CF5209-6431-412F-8A7F-DFF959F2595F}.Debug|x86.ActiveCfg = Debug|Win32
		{84CF5209-6431-412F-8A7F-DFF959F2595F}.Debug|x86.Build.0 = Debug|Win32
		{84CF5209-6431-412F-8A7F-DFF959F2595F}.Release|x64.ActiveCfg = Release|x64
		{84CF5209-6431-412F-8A7F-DFF959F2595F}.Release|x64.Build.0 = Release|x64
		{84CF5209-6431-412F-8A7F-DFF959F2595F}.Release|x86.ActiveCfg = Release|Win32
		{84CF5209-6431-412F-8A7F-DFF959F2595F}.Release|x86.Build.0 = Release|Win32
		{C0E36AE5-065F-4BA5-8D96-A99D9585EB03}.Debug|x64.ActiveCfg = Debug|x64
		{C0E36AE5-065F-4BA5-8D96-A99D9585EB03}.Debug|x64.Build.0 = Debug|x64
		{C0E36AE5-065F-4BA5-8D96-A99D9585EB03}.Debug|x86.ActiveCfg = Debug|Win32
		{C0E36AE5-065F-4BA5-8D96-A99D9585EB03}.Debug|x86.Build.0 = Debug|Win32
		{C0E36AE5-065F-4BA5-8D96-A99D9585EB03}.Release|x64.ActiveCfg = Release|x64
		{C0E36AE5-065F-4BA5-8D96-A99D9585EB03}.Release|x64.Build.0 = Release|x64
		{C0E36AE5-065F-4BA5-8D96-A99D9585EB03}.Release|x86.ActiveCfg = Release|Win32
		{C0E36AE5-065F-4BA5-8D96-A99D9585EB03}.Release|x86.Build.0 = Release|Win32
		{51D1C21A-51E8-4528-BC9D-3184CA740DE3}.Debug|x64.ActiveCfg = Debug|x64
		{51D1C21A-51E8-4528-BC9D-3184CA740DE3}.Debug|x64.Build.0 = Debug|x64
		{51D1C21A-51E8-4528-BC9D-3184CA740DE3}.Debug|x86.ActiveCfg = Debug|Win32
		{51D1C21A-51E8-4528-BC9D-3184CA740DE3}.Debug|x86.Build.0 = Debug|Win32
		{51D1C21A-51E8-4528-BC9D-3184CA740DE3}.Release|x64.ActiveCfg = Release|x64
		{51D1C21A-51E8-4528-BC9D-3184CA740DE3}.Release|x64.Build.0 = Release|x64
		{51D1C21A-51E8-4528-BC9D-3184CA740DE3}.Release|x86.ActiveCfg = Release|Win32
		{51D1C21A-51E8-4528-BC9D-3184CA740DE3}.Release|x86.Build.0 = Release|Win32
		{E1B3B9FC-5961-48B1-8B35-FDA82C792305}.Debug|x64.ActiveCfg = Debug|x64
		{E1B3B9FC-5961-48B1-8B35-FDA82C792305}.Debug|x64.Build.0 = Debug|x64
		{E1B3B9FC-5961-48B1-8B35-FDA82C792305}.Debug|x86.ActiveCfg = Debug|Win32
		{E1B3B9FC-5961-48B1-8B35-FDA82C792305}.Debug|x86.Build.0 = Debug|Win32
		{E1B3B9FC-5961-48B1-8B35-FDA82C792305}.Release|x64.ActiveCfg = Release|x64
		{E1B3B9FC-5961-48B1-8B35-FDA82C792305}.Release|x64.Build.0 = Release|x64
		{E1B3B9FC-5961-48B1-8B35-FDA82C792305}.Release|x86.ActiveCfg = Release|Win32
		{E1B3B9FC-5961-48B1-8B35-FDA82C792305}.Release|x86.Build.0 = Release|Win32
		{B800D26C-2FC4-460A-85AB-83B9FD3C6230}.Debug|x64.ActiveCfg = Debug|x64
		{B800D26C-2FC4-460A-85AB-83B9FD3C6230}.Debug|x64.Build.0 = Debug|x64
		{B800D26C-2FC4-460A-85AB-83B9FD3C6230}.Debug|x86.ActiveCfg = Debug|Win32
		{B800D26C-2FC4-460A-85AB-83B9FD3C6230}.Debug|x86.Build.0 = Debug|Win32
		{B800D26C-2FC4-460A-85AB-83B9FD3C6230}.Release|x64.ActiveCfg = Release|x64
		{B800D26C-2FC4-460A-85AB-83B9FD3C6230}.Release|x64.Build.0 = Release|x64
		{B800D26C-2FC4-460A-85AB-83B9FD3C6230}.Release|x86.ActiveCfg = Release|Win32
		{B800D26C-2FC4-460A-85AB-83B9FD3C6230}.Release|x86.Build.0 = Release|Win32
		{EC3D8206-41ED-4EF6-A93F-51AA672EDACE}.Debug|x64.ActiveCfg = Debug|x64
		{EC3D8206-41ED-4EF6-A93F-51AA672EDACE}.Debug|x64.Build.0 = Debug|x64
		{EC3D8206-41ED-4EF6-A93F-51AA672EDACE}.Debug|x86.ActiveCfg = Debug|Win32
		{EC3D8206-41ED-4EF6-A93F-51AA672EDACE}.Debug|x86.Build.0 = Debug|Win32
		{EC3D8206-41ED-4EF6-A93F-51AA672EDACE}.Release|x64.ActiveCfg = Release|x64
		{EC3D8206-41ED-4EF6-A93F-51AA672EDACE}.Release|x64.Build.0 = Release|x64
		{EC3D8206-41ED-4EF6-A93F-51AA672EDACE}.Release|x86.ActiveCfg = Release|Win32
		{EC3D8206-41ED-4EF6-A93F-51AA672EDACE}.Release|x86.Build.0 = Release|Win32
		{086A4A1C-7119-4528-98AC-A7D5F5953BCA}.Debug|x64.ActiveCfg = Debug|x64
		{086A4A1C-7119-4528-98AC-A7D5F5953BCA}.Debug|x64.Build.0 = Debug|x64
		{086A4A1C-7119-4528-98AC-A7D5F5953BCA}.Debug|x86.ActiveCfg = Debug|Win32
		{086A4A1C-7119-4528-98AC-A7D5F5953BCA}.Debug|x86.Build.0 = Debug|Win32
		{086A4A1C-7119-4528-98AC-A7D5F5953BCA}.Release|x64.ActiveCfg = Release|x64
		{086A4A1C-7119-4528-98AC-A7D5F5953BCA}.Release|x64.Build.0 = Release|x64
		{086A4A1C-7119-4528-98AC-A7D5F5953BCA}.Release|x86.ActiveCfg = Release|Win32
		{086A4A1C-7119-4528-98AC-A7D5F5953BCA}.Release|x86.Build.0 = Release|Win32
		{88D7121C-28DC-4934-A1FE-5922647D88CD}.Debug|x64.ActiveCfg = Debug|x64
		{88D7121C-28DC-4934-A1FE-5922647D88CD}.Debug|x64.Build.0 = Debug|x64
		{88D7121C-28DC-4934-A1FE-5922647D88CD}.Debug|x86.ActiveCfg = Debug|Win32
		{88D7121C-28DC-4934-A1FE-5922647D88CD}.Debug|x86.Build.0 = Debug|Win32
		{88D7121C-28DC-4934-A1FE-5922647D88CD}.Release|x64.ActiveCfg = Release|x64
		{88D7121C-28DC-4934-A1FE-5922647D88CD}.Release|x64.Build.0 = Release|x64
		{88D7121C-28DC-4934-A1FE-5922647D88CD}.Release|x86.ActiveCfg = Release|Win32
		{88D7121C-28DC-4934-A1FE-5922647D88CD}.Release|x86.Build.0 = Release|Win32
		{05455C21-FFC9-41B4-8F1B-C24ADECAAF4E}.Debug|x64.ActiveCfg = Debug|x64
		{05455C21-FFC9-41B4-8F1B-C24ADECAAF4E}.Debug|x64.Build.0 = Debug|x64
		{05455C21-FFC9-41B4-8F1B-C24ADECAAF4E}.Debug|x86.ActiveCfg = Debug|Win32
		{05455C21-FFC9-41B4-8F1B-C24ADECAAF4E}.Debug|x86.Build.0 = Debug|Win32
		{05455C21-FFC9-41B4-8F1B-C24ADECAAF4E}.Release|x64.ActiveCfg = Release|x64
		{05455C21-FFC9-41B4-8F1B-C24ADECAAF4E}.Release|x64.Build.0 = Release|x64
		{05455C21-FFC9-41B4-8F1B-C24ADECAAF4E}.Release|x86.ActiveCfg = Release|Win32
		{05455C21-FFC9-41B4-8F1B-C24ADECAAF4E}.Release|x86.Build.0 = Release|Win32
		{F53A0D93-65BD-48EB-8707-F290DC84FB1E}.Debug|x64.ActiveCfg = Debug|x64
		{F53A0D93-65BD-48EB-8707-F290DC84FB1E}.Debug|x64.Build.0 = Debug|x64
		{F53A0D93-65BD-48EB-8707-F290DC84FB1E}.Debug|x86.ActiveCfg = Debug|Win32
		{F53A0D93-65BD-48EB-8707-F290DC84FB1E}.Debug|x86.Build.0 = Debug|Win32
		{F53A0D93-65BD-48EB-8707-F290DC84FB1E}.Release|x64.ActiveCfg = Release|x64
		{F53A0D93-65BD-48EB-8707-F290DC84FB1E}.Release|x64.Build.0 = Release|x64
		{F53A0D93-65BD-48EB-8707-F290DC84FB1E}.Release|x86.ActiveCfg = Release|Win32
		{F53A0D93-65BD-48EB-8707-F290DC84FB1E}.Release|x86.Build.0 = Release|Win32
		{4DAB2B43-AF07-4590-8BBF-F11317EC9756}.Debug|x64.ActiveCfg = Debug|x64
		{4DAB2B43-AF07-4590-8BBF-F11317EC9756}.Debug|x64.Build.0 = Debug|x64
		{4DAB2B43-AF07-4590-8BBF-F11317EC9756}.Debug|x86.ActiveCfg = Debug|Win32
		{4DAB2B43-AF07-4590-8BBF-F11317EC9756}.Debug|x86.Build.0 = Debug|Win32
		{4DAB2B43-AF07-4590-8BBF-F11317EC9756}.Release|x64.ActiveCfg = Release|x64
		{4DAB2B43-AF07-4590-8BBF-F11317EC9756}.Release|x64.Build.0 = Release|x64
		{4DAB2B43-AF07-4590-8BBF-F11317EC9756}.Release|x86.ActiveCfg = Release|Win32
		{4DAB2B43-AF07-4590-8BBF-F11317EC9756}.Release|x86.Build.0 = Release|Win32
		{0AF52DD7-8938-4F42-9608-E1779EA0EF60}.Debug|x64.ActiveCfg = Debug|x64
		{0AF52DD7-8938-4F42-9608-E1779EA0EF60}.Debug|x64.Build.0 = Debug|x64
		{0AF52DD7-8938-4F42-9608-E1779EA0EF60}.Debug|x86.ActiveCfg = Debug|Win32
		{0AF52DD7-8938-4F42-9608-E1779EA0EF60}.Debug|x86.Build.0 = Debug|Win32
		{0AF52DD7-8938-4F42-9608-E1779EA0EF60}.Release|x64.ActiveCfg = Release|x64
		{0AF52DD7-8938-4F42-9608-E1779EA0EF60}.Release|x64.Build.0 = Release|x64
		{0AF52DD7-8938-4F42-9608-E1779EA0EF60}.Release|x86.ActiveCfg = Release|Win32
		{0AF52DD7-8938-4F42-9608-E1779EA0EF60}.Release|x86.Build.0 = Release|Win32
		{F5D0C2DD-473A-4629-8F40-B4D2A7389411}.Debug|x64.ActiveCfg = Debug|x64
		{F5D0C2DD-473A-4629-8F40-B4D2A7389411}.Debug|x64.Build.0 = Debug|x64
		{F5D0C2DD-473A-4629-8F40-B4D2A7389411}.Debug|x86.ActiveCfg = Debug|Win32
		{F5D0C2DD-473A-4629-8F40-B4D2A7389411}.Debug|x86.Build.0 = Debug|Win32
		{F5D0C2DD-473A-4629-8F40-B4D2A7389411}.Release|x64.ActiveCfg = Release|x64
		{F5D0C2DD-473A-4629-8F40-B4D2A7389411}.Release|x64.Build.0 = Release|x64
		{F5D0C2DD-473A-4629-8F40-B4D2A7389411}.Release|x86.ActiveCfg = Release|Win32
		{F5D0C2DD-473A-4629-8F40-B4D2A7389411}.Release|x86.Build.0 = Release|Win32
		{A81897E5-27E3-4C79-BC2F-9EC14680ADDC}.Debug|x64.ActiveCfg = Debug|x64
		{A81897E5-27E3-4C79-BC2F-9EC14680ADDC}.Debug|x64.Build.0 = Debug|x64
		{A81897E5-27E3-4C79-BC2F-9EC14680ADDC}.Debug|x86.ActiveCfg = Debug|Win32
		{A81897E5-27E3-4C79-BC2F-9EC14680ADDC}.Debug|x86.Build.0 = Debug|Win32
		{A81897E5-27E3-4C79-BC2F-9EC14680ADDC}.Release|x64.ActiveCfg = Release|x64
		{A81897E5-27E3-4C79-BC2F-9EC14680ADDC}.Release|x64.Build.0 = Release|x64
		{A81897E5-27E3-4C79-BC2F-9EC14680ADDC}.Release|x86.ActiveCfg = Release|Win32
		{A81897E5-27E3-4C79-BC2F-9EC14680ADDC}.Release|x86.Build.0 = Release|Win32
		{6C3E7435-2BDF-41B4-B886-B78E066D9899}.Debug|x64.ActiveCfg = Debug|x64
		{6C3E7435-2BDF-41B4-B886-B78E066D9899}.Debug|x64.Build.0 = Debug|x64
		{6C3E7435-2BDF-41B4-B886-B78E066D9899}.Debug|x86.ActiveCfg = Debug|Win32
		{6C3E7435-2BDF-41B4-B886-B78E066D9899}.Debug|x86.Build.0 = Debug|Win32
		{6C3E7435-2BDF-41B4-B886-B78E066D9899}.Release|x64.ActiveCfg = Release|x64
		{6C3E7435-2BDF-41B4-B886-B78E066D9899}.Release|x64.Build.0 = Release|x64
		{6C3E7435-2BDF-41B4-B886-B78E066D9899}.Release|x86.ActiveCfg = Release|Win32
		{6C3E7435-2BDF-41B4-B886-B78E066D9899}.Release|x86.Build.0 = Release|Win32
		{BE1991AE-A329-4FA1-8DA0-2BD339C32D6C}.Debug|x64.ActiveCfg = Debug|x64
		{BE1991AE-A329-4FA1-8DA0-2BD339C32D6C}.Debug|x64.Build.0 = Debug|x64
		{BE1991AE-A329-4FA1-8DA0-2BD339C32D6C}.Debug|x86.ActiveCfg = Debug|Win32
		{BE1991AE-A329-4FA1-8DA0-2BD339C32D6C}.Debug|x86.Build.0 = Debug|Win32
		{BE1991AE-A329-4FA1-8DA0-2BD339C32D6C}.Release|x64.ActiveCfg = Release|x64
		{BE1991AE-A329-4FA1-8DA0-2BD339C32D6C}.Release|x64.Build.0 = Release|x64
		{BE1991AE-A329-4FA1-8DA0-2BD339C32D6C}.Release|x86.ActiveCfg = Release|Win32
		{BE1991AE-A329-4FA1-8DA0-2BD339C32D6C}.Release|x86.Build.0 = Release|Win32
		{B1858492-4E87-4B7D-9B09-76C30A8EF68F}.Debug|x64.ActiveCfg = Debug|x64
		{B1858492-4E87-4B7D-9B09-76C30A8EF68F}.Debug|x64.Build.0 = Debug|x64
		{B1858492-4E87-4B7D-9B09-76C30A8EF68F}.Debug|x86.ActiveCfg = Debug|Win32
		{B1858492-4E87-4B7D-9B09-76C30A8EF68F}.Debug|x86.Build.0 = Debug|Win32
		{B1858492-4E87-4B7D-9B09-76C30A8EF68F}.Release|x64.ActiveCfg = Release|x64
		{B1858492-4E87-4B7D-9B09-76C30A8EF68F}.Release|x64.Build.0 = Release|x64
		{B1858492-4E87-4B7D-9B09-76C30A8EF68F}.Release|x86.ActiveCfg = Release|Win32
		{B1858492-4E87-4B7D-9B09-76C30A8EF68F}.Release|x86.Build.0 = Release|Win32
		{381B8BAF-D0D8-406D-9604-6A6B70F9CB03}.Debug|x64.ActiveCfg = Debug|x64
		{381B8BAF-D0D8-406D-9604-6A6B70F9CB03}.Debug|x64.Build.0 = Debug|x64
		{381B8BAF-D0D8-406D-9604-6A6B70F9CB03}.Debug|x86.ActiveCfg = Debug|Win32
		{381B8BAF-D0D8-406D-9604-6A6B70F9CB03}.Debug|x86.Build.0 = Debug|Win32
		{381B8BAF-D0D8-406D-9604-6A6B70F9CB03}.Release|x64.ActiveCfg = Release|x64
		{381B8BAF-D0D8-406D-9604-6A6B70F9CB03}.Release|x64.Build.0 = Release|x64
		{381B8BAF-D0D8-406D-9604-6A6B70F9CB03}.Release|x86.ActiveCfg = Release|Win32
		{381B8BAF-D0D8-406D-9604-6A6B70F9CB03}.Release|x86.Build.0 = Release|Win32
		{4DECD47F-4B74-4E13-92CE-59CA7B2E488D}.Debug|x64.ActiveCfg = Debug|x64
		{4DECD47F-4B74-4E13-92CE-59CA7B2E488D}.Debug|x64.Build.0 = Debug|x64
		{4DECD47F-4B74-4E13-92CE-59CA7B2E488D}.Debug|x86.ActiveCfg = Debug|Win32
		{4DECD47F-4B74-4E13-92CE-59CA7B2E488D}.Debug|x86.Build.0 = Debug|Win32
		{4DECD47F-4B74-4E13-92CE-59CA7B2E488D}.Release|x64.ActiveCfg = Release|x64
		{4DECD47F-4B74-4E13-92CE-59CA7B2E488D}.Release|x64.Build.0 = Release|x64
		{4DECD47F-4B74-4E13-92CE-59CA7B2E488D}.Release|x86.ActiveCfg = Release|Win32
		{4DECD47F-4B74-4E13-92CE-59CA7B2E488D}.Release|x86.Build.0 = Release|Win32
		{FC64434D-5E83-4251-92B3-200CBE5D4A3D}.Debug|x64.ActiveCfg = Debug|x64
		{FC64434D-5E83-4251-92B3-200CBE5D4A3D}.Debug|x64.Build.0 = Debug|x64
		{FC64434D-5E83-4251-92B3-200CBE5D4A3D}.Debug|x86.ActiveCfg = Debug|Win32
		{FC64434D-5E83-4251-92B3-200CBE5D4A3D}.Debug|x86.Build.0 = Debug|Win32
		{FC64434D-5E83-4251-92B3-200CBE5D4A3D}.Release|x64.ActiveCfg = Release|x64
		{FC64434D-5E83-4251-92B3-200CBE5D4A3D}.Release|x64.Build.0 = Release|x64
		{FC64434D-5E83-4251-92B3-200CBE5D4A3D}.Release|x86.ActiveCfg = Release|Win32
		{FC64434D-5E83-4251-92B3-200CBE5D4A3D}.Release|x86.Build.0 = Release|Win32
		{73132775-2A1C-4DE7-97AF-89213F17240B}.Debug|x64.ActiveCfg = Debug|x64
		{73132775-2A1C-4DE7-97AF-89213F17240B}.Debug|x64.Build.0 = Debug|x64
		{73132775-2A1C-4DE7-97AF-89213F17240B}.Debug|x86.ActiveCfg = Debug|Win32
		{73132775-2A1C-4DE7-97AF-89213F17240B}.Debug|x86.Build.0 = Debug|Win32
		{73132775-2A1C-4DE7-97AF-89213F17240B}.Release|x64.ActiveCfg = Release|x64
		{73132775-2A1C-4DE7-97AF-89213F17240B}.Release|x64.Build.0 = Release|x64
		{73132775-2A1C-4DE7-97AF-89213F17240B}.Release|x86.ActiveCfg = Release|Win32
		{73132775-2A1C-4DE7-97AF-89213F17240B}.Release|x86.Build.0 = Release|Win32
		{8296F609-43B8-4E8C-81C0-1F7CDE675ED6}.Debug|x64.ActiveCfg = Debug|x64
		{8296F609-43B8-4E8C-81C0-1F7CDE675ED6}.Debug|x64.Build.0 = Debug|x64
		{8296F609-43B8-4E8C-81C0-1F7CDE675ED6}.Debug|x86.ActiveCfg = Debug|Win32
		{8296F609-43B8-4E8C-81C0-1F7CDE675ED6}.Debug|x86.Build.0 = Debug|Win32
		{8296F609-43B8-4E8C-81C0-1F7CDE675ED6}.Release|x64.ActiveCfg = Release|x64
		{8296F609-43B8-4E8C-81C0-1F7CDE675ED6}.Release|x64.Build.0 = Release|x64
		{8296F609-43B8-4E8C-81C0-1F7CDE675ED6}.Release|x86.ActiveCfg = Release|Win32
		{8296F609-43B8-4E8C-81C0-1F7CDE675ED6}.Release|x86.Build.0 = Release|Win32
		{79CF27D4-5514-4785-BFC8-E56EAD780CDC}.Debug|x64.ActiveCfg = Debug|x64
		{79CF27D4-5514-4785-BFC8-E56EAD780CDC}.Debug|x64.Build.0 = Debug|x64
		{79CF27D4-5514-4785-BFC8-E56EAD780CDC}.Debug|x86.ActiveCfg = Debug|Win32
		{79CF27D4-5514-4785-BFC8-E56EAD780CDC}.Debug|x86.Build.0 = Debug|Win32
		{79CF27D4-5514-4785-BFC8-E56EAD780CDC}.Release|x64.ActiveCfg = Release|x64
		{79CF27D4-5514-4785-BFC8-E56EAD780CDC}.Release|x64.Build.0 = Release|x64
		{79CF27D4-5514-4785-BFC8-E56EAD780CDC}.Release|x86.ActiveCfg = Release|Win32
		{79CF27D4-5514-4785-BFC8-E56EAD780CDC}.Release|x86.Build.0 = Release|Win32
		{F6303515-2DD4-413B-BBBA-508C8CFA822F}.Debug|x64.ActiveCfg = Debug|x64
		{F6303515-2DD4-413B-BBBA-508C8CFA822F}.Debug|x64.Build.0 = Debug|x64
		{F6303515-2DD4-413B-BBBA-508C8CFA822F}.Debug|x86.ActiveCfg = Debug|Win32
		{F6303515-2DD4-413B-BBBA-508C8CFA822F}.Debug|x86.Build.0 = Debug|Win32
		{F6303515-2DD4-413B-BBBA-508C8CFA822F}.Release|x64.ActiveCfg = Release|x64
		{F6303515-2DD4-413B-BBBA-508C8CFA822F}.Release|x64.Build.0 = Release|x64
		{F6303515-2DD4-413B-BBBA-508C8CFA822F}.Release|x86.ActiveCfg = Release|Win32
		{F6303515-2DD4-413B-BBBA-508C8CFA822F}.Release|x86.Build.0 = Release|Win32
		{669E46D1-E97A-4841-A331-EABD8587A7E5}.Debug|x64.ActiveCfg = Debug|x64
		{669E46D1-E97A-4841-A331-EABD8587A7E5}.Debug|x64.Build.0 = Debug|x64
		{669E46D1-E97A-4841-A331-EABD8587A7E5}.Debug|x86.ActiveCfg = Debug|Win32
		{669E46D1-E97A-4841-A331-EABD8587A7E5}.Debug|x86.Build.0 = Debug|Win32
		{669E46D1-E97A-4841-A331-EABD8587A7E5}.Release|x64.ActiveCfg = Release|x64
		{669E46D1-E97A-4841-A331-EABD8587A7E5}.Release|x64.Build.0 = Release|x64
		{669E46D1-E97A-4841-A331-EABD8587A7E5}.Release|x86.ActiveCfg = Release|Win32
		{669E46D1-E97A-4841-A331-EABD8587A7E5}.Release|x86.Build.0 = Release|Win32
		{FE6BE41D-8482-4F08-8969-133384115282}.Debug|x64.ActiveCfg = Debug|x64
		{FE6BE41D-8482-4F08-8969-133384115282}.Debug|x64.Build.0 = Debug|x64
		{FE6BE41D-8482-4F08-8969-133384115282}.Debug|x86.ActiveCfg = Debug|Win32
		{FE6BE41D-8482-4F08-8969-133384115282}.Debug|x86.Build.0 = Debug|Win32
		{FE6BE41D-8482-4F08-8969-133384115282}.Release|x64.ActiveCfg = Release|x64
		{FE6BE41D-8482-4F08-8969-133384115282}.Release|x64.Build.0 = Release|x64
		{FE6BE41D-8482-4F08-8969-133384115282}.Release|x86.ActiveCfg = Release|Win32
		{FE6BE41D-8482-4F08-8969-133384115282}.Release|x86.Build.0 = Release|Win32
		{35A5F0B9-123B-40CA-9135-A08754176FB9}.Debug|x64.ActiveCfg = Debug|x64
		{35A5F0B9-123B-40CA-9135-A08754176FB9}.Debug|x64.Build.0 = Debug|x64
		{35A5F0B9-123B-40CA-9135-A08754176FB9}.Debug|x86.ActiveCfg = Debug|Win32
		{35A5F0B9-123B-40CA-9135-A08754176FB9}.Debug|x86.Build.0 = Debug|Win32
		{35A5F0B9-123B-40CA-9135-A08754176FB9}.Release|x64.ActiveCfg = Release|x64
		{35A5F0B9-123B-40CA-9135-A08754176FB9}.Release|x64.Build.0 = Release|x64
		{35A5F0B9-123B-40CA-9135-A08754176FB9}.Release|x86.ActiveCfg = Release|Win32
		{35A5F0B9-123B-40CA-9135-A08754176FB9}.Release|x86.Build.0 = Release|Win32
		{4AD375EA-C480-47EB-931A-8DF873F5E731}.Debug|x64.ActiveCfg = Debug|x64
		{4AD375EA-C480-47EB-931A-8DF873F5E731}.Debug|x64.Build.0 = Debug|x64
		{4AD375EA-C480-47EB-931A-8DF873F5E731}.Debug|x86.ActiveCfg = Debug|Win32
		{4AD375EA-C480-47EB-931A-8DF873F5E731}.Debug|x86.Build.0 = Debug|Win32
		{4AD375EA-C480-47EB-931A-8DF873F5E731}.Release|x64.ActiveCfg = Release|x64
		{4AD375EA-C480-47EB-931A-8DF873F5E731}.Release|x64.Build.0 = Release|x64
		{4AD375EA-C480-47EB-931A-8DF873F5E731}.Release|x86.ActiveCfg = Release|Win32
		{4AD375EA-C480-47EB-931A-8DF873F5E731}.Release|x86.Build.0 = Release|Win32
		{96D0DA0C-EE54-43C1-88E3-1F3914DE151A}.Debug|x64.ActiveCfg = Debug|x64
		{96D0DA0C-EE54-43C1-88E3-1F3914DE151A}.Debug|x64.Build.0 = Debug|x64
		{96D0DA0C-EE54-43C1-88E3-1F3914DE151A}.Debug|x86.ActiveCfg = Debug|Win32
		{96D0DA0C-EE54-43C1-88E3-1F3914DE151A}.Debug|x86.Build.0 = Debug|Win32
		{96D0DA0C-EE54-43C1-88E3-1F3914DE151A}.Release|x64.ActiveCfg = Release|x64
		{96D0DA0C-EE54-43C1-88E3-1F3914DE151A}.Release|x64.Build.0 = Release|x64
		{96D0DA0C-EE54-43C1-88E3-1F3914DE151A}.Release|x86.ActiveCfg = Release|Win32
		{96D0DA0C-EE54-43C1-88E3-1F3914DE151A}.Release|x86.Build.0 = Release|Win32
		{025A798C-444E-4F9A-A7A3-0E42659DD14E}.Debug|x64.ActiveCfg = Debug|x64
		{025A798C-444E-4F9A-A7A3-0E42659DD14E}.Debug|x64.Build.0 = Debug|x64
		{025A798C-444E-4F9A-A7A3-0E42659DD14E}.Debug|x86.ActiveCfg = Debug|Win32
		{025A798C-444E-4F9A-A7A3-0E42659DD14E}.Debug|x86.Build.0 = Debug|Win32
		{025A798C-444E-4F9A-A7A3-0E42659DD14E}.Release|x64.ActiveCfg = Release|x64
		{025A798C-444E-4F9A-A7A3-0E42659DD14E}.Release|x64.Build.0 = Release|x64
		{025A798C-444E-4F9A-A7A3-0E42659DD14E}.Release|x86.ActiveCfg = Release|Win32
		{025A798C-444E-4F9A-A7A3-0E42659DD14E}.Release|x86.Build.0 = Release|Win32
		{26FE299D-98EA-41A1-81FC-429E2F6CF086}.Debug|x64.ActiveCfg = Debug|x64
		{26FE299D-98EA-41A1-81FC-429E2F6CF086}.Debug|x64.Build.0 = Debug|x64
		{26FE299D-98EA-41A1-81FC-429E2F6CF086}.Debug|x86.ActiveCfg = Debug|Win32
		{26FE299D-98EA-41A1-81FC-429E2F6CF086}.Debug|x86.Build.0 = Debug|Win32
		{26FE299D-98EA-41A1-81FC-429E2F6CF086}.Release|x64.ActiveCfg = Release|x64
		{26FE299D-98EA-41A1-81FC-429E2F6CF086}.Release|x64.Build.0 = Release|x64
		{26FE299D-98EA-41A1-81FC-429E2F6CF086}.Release|x86.ActiveCfg = Release|Win32
		{26FE299D-98EA-41A1-81FC-429E2F6CF086}.Release|x86.Build.0 = Release|Win32
		{54356398-6CED-4685-BAC5-7AE540EBB790}.Debug|x64.ActiveCfg = Debug|x64
		{54356398-6CED-4685-BAC5-7AE540EBB790}.Debug|x64.Build.0 = Debug|x64
		{54356398-6CED-4685-BAC5-7AE540EBB790}.Debug|x86.ActiveCfg = Debug|Win32
		{54356398-6CED-4685-BAC5-7AE540EBB790}.Debug|x86.Build.0 = Debug|Win32
		{54356398-6CED-4685-BAC5-7AE540EBB790}.Release|x64.ActiveCfg = Release|x64
		{54356398-6CED-4685-BAC5-7AE540EBB790}.Release|x64.Build.0 = Release|x64
		{54356398-6CED-4685-BAC5-7AE540EBB790}.Release|x86.ActiveCfg = Release|Win32
		{54356398-6CED-4685-BAC5-7AE540EBB790}.Release|x86.Build.0 = Release|Win32
	EndGlobalSection
	GlobalSection(SolutionProperties) = preSolution
		HideSolutionNode = FALSE
	EndGlobalSection
EndGlobal
