
Microsoft Visual Studio Solution File, Format Version 12.00
# Visual Studio 14
VisualStudioVersion = 14.0.25123.0
MinimumVisualStudioVersion = 10.0.40219.1
Project("{8BC9CEB8-8B4A-11D0-8D11-00A0C91BC942}") = "BookExerciseUnit6-15", "BookExerciseUnit6-15\BookExerciseUnit6-15.vcxproj", "{D7C135D2-46B2-4E32-8BB8-DB6B569FE530}"
EndProject
Project("{8BC9CEB8-8B4A-11D0-8D11-00A0C91BC942}") = "BookExerciseUnit6-17", "BookExerciseUnit6-17\BookExerciseUnit6-17.vcxproj", "{67DE1822-068C-4D19-A4A5-A7FA1F1B858D}"
EndProject
Project("{8BC9CEB8-8B4A-11D0-8D11-00A0C91BC942}") = "BookExerciseUnit6-18", "BookExerciseUnit6-18\BookExerciseUnit6-18.vcxproj", "{DCD94A90-ACCC-4399-A6C2-20A5BEA2FF7C}"
EndProject
Project("{8BC9CEB8-8B4A-11D0-8D11-00A0C91BC942}") = "BookExerciseUnit6-19", "BookExerciseUnit6-19\BookExerciseUnit6-19.vcxproj", "{B7237996-68C2-49F5-B96F-20382FCC092F}"
EndProject
Project("{8BC9CEB8-8B4A-11D0-8D11-00A0C91BC942}") = "BookExerciseUnit6-20", "BookExerciseUnit6-20\BookExerciseUnit6-20.vcxproj", "{5244809E-8FA6-4677-9CA3-6DF5E70B3717}"
EndProject
Project("{8BC9CEB8-8B4A-11D0-8D11-00A0C91BC942}") = "BookExerciseUnit6-21", "BookExerciseUnit6-21\BookExerciseUnit6-21.vcxproj", "{400C7616-ACA8-4E15-A9CB-2379972AD687}"
EndProject
Project("{8BC9CEB8-8B4A-11D0-8D11-00A0C91BC942}") = "BookExerciseUnit6-22", "BookExerciseUnit6-22\BookExerciseUnit6-22.vcxproj", "{9D3E8045-0C0D-4084-984C-33E5E986E517}"
EndProject
Global
	GlobalSection(SolutionConfigurationPlatforms) = preSolution
		Debug|x64 = Debug|x64
		Debug|x86 = Debug|x86
		Release|x64 = Release|x64
		Release|x86 = Release|x86
	EndGlobalSection
	GlobalSection(ProjectConfigurationPlatforms) = postSolution
		{D7C135D2-46B2-4E32-8BB8-DB6B569FE530}.Debug|x64.ActiveCfg = Debug|x64
		{D7C135D2-46B2-4E32-8BB8-DB6B569FE530}.Debug|x64.Build.0 = Debug|x64
		{D7C135D2-46B2-4E32-8BB8-DB6B569FE530}.Debug|x86.ActiveCfg = Debug|Win32
		{D7C135D2-46B2-4E32-8BB8-DB6B569FE530}.Debug|x86.Build.0 = Debug|Win32
		{D7C135D2-46B2-4E32-8BB8-DB6B569FE530}.Release|x64.ActiveCfg = Release|x64
		{D7C135D2-46B2-4E32-8BB8-DB6B569FE530}.Release|x64.Build.0 = Release|x64
		{D7C135D2-46B2-4E32-8BB8-DB6B569FE530}.Release|x86.ActiveCfg = Release|Win32
		{D7C135D2-46B2-4E32-8BB8-DB6B569FE530}.Release|x86.Build.0 = Release|Win32
		{67DE1822-068C-4D19-A4A5-A7FA1F1B858D}.Debug|x64.ActiveCfg = Debug|x64
		{67DE1822-068C-4D19-A4A5-A7FA1F1B858D}.Debug|x64.Build.0 = Debug|x64
		{67DE1822-068C-4D19-A4A5-A7FA1F1B858D}.Debug|x86.ActiveCfg = Debug|Win32
		{67DE1822-068C-4D19-A4A5-A7FA1F1B858D}.Debug|x86.Build.0 = Debug|Win32
		{67DE1822-068C-4D19-A4A5-A7FA1F1B858D}.Release|x64.ActiveCfg = Release|x64
		{67DE1822-068C-4D19-A4A5-A7FA1F1B858D}.Release|x64.Build.0 = Release|x64
		{67DE1822-068C-4D19-A4A5-A7FA1F1B858D}.Release|x86.ActiveCfg = Release|Win32
		{67DE1822-068C-4D19-A4A5-A7FA1F1B858D}.Release|x86.Build.0 = Release|Win32
		{DCD94A90-ACCC-4399-A6C2-20A5BEA2FF7C}.Debug|x64.ActiveCfg = Debug|x64
		{DCD94A90-ACCC-4399-A6C2-20A5BEA2FF7C}.Debug|x64.Build.0 = Debug|x64
		{DCD94A90-ACCC-4399-A6C2-20A5BEA2FF7C}.Debug|x86.ActiveCfg = Debug|Win32
		{DCD94A90-ACCC-4399-A6C2-20A5BEA2FF7C}.Debug|x86.Build.0 = Debug|Win32
		{DCD94A90-ACCC-4399-A6C2-20A5BEA2FF7C}.Release|x64.ActiveCfg = Release|x64
		{DCD94A90-ACCC-4399-A6C2-20A5BEA2FF7C}.Release|x64.Build.0 = Release|x64
		{DCD94A90-ACCC-4399-A6C2-20A5BEA2FF7C}.Release|x86.ActiveCfg = Release|Win32
		{DCD94A90-ACCC-4399-A6C2-20A5BEA2FF7C}.Release|x86.Build.0 = Release|Win32
		{B7237996-68C2-49F5-B96F-20382FCC092F}.Debug|x64.ActiveCfg = Debug|x64
		{B7237996-68C2-49F5-B96F-20382FCC092F}.Debug|x64.Build.0 = Debug|x64
		{B7237996-68C2-49F5-B96F-20382FCC092F}.Debug|x86.ActiveCfg = Debug|Win32
		{B7237996-68C2-49F5-B96F-20382FCC092F}.Debug|x86.Build.0 = Debug|Win32
		{B7237996-68C2-49F5-B96F-20382FCC092F}.Release|x64.ActiveCfg = Release|x64
		{B7237996-68C2-49F5-B96F-20382FCC092F}.Release|x64.Build.0 = Release|x64
		{B7237996-68C2-49F5-B96F-20382FCC092F}.Release|x86.ActiveCfg = Release|Win32
		{B7237996-68C2-49F5-B96F-20382FCC092F}.Release|x86.Build.0 = Release|Win32
		{5244809E-8FA6-4677-9CA3-6DF5E70B3717}.Debug|x64.ActiveCfg = Debug|x64
		{5244809E-8FA6-4677-9CA3-6DF5E70B3717}.Debug|x64.Build.0 = Debug|x64
		{5244809E-8FA6-4677-9CA3-6DF5E70B3717}.Debug|x86.ActiveCfg = Debug|Win32
		{5244809E-8FA6-4677-9CA3-6DF5E70B3717}.Debug|x86.Build.0 = Debug|Win32
		{5244809E-8FA6-4677-9CA3-6DF5E70B3717}.Release|x64.ActiveCfg = Release|x64
		{5244809E-8FA6-4677-9CA3-6DF5E70B3717}.Release|x64.Build.0 = Release|x64
		{5244809E-8FA6-4677-9CA3-6DF5E70B3717}.Release|x86.ActiveCfg = Release|Win32
		{5244809E-8FA6-4677-9CA3-6DF5E70B3717}.Release|x86.Build.0 = Release|Win32
		{400C7616-ACA8-4E15-A9CB-2379972AD687}.Debug|x64.ActiveCfg = Debug|x64
		{400C7616-ACA8-4E15-A9CB-2379972AD687}.Debug|x64.Build.0 = Debug|x64
		{400C7616-ACA8-4E15-A9CB-2379972AD687}.Debug|x86.ActiveCfg = Debug|Win32
		{400C7616-ACA8-4E15-A9CB-2379972AD687}.Debug|x86.Build.0 = Debug|Win32
		{400C7616-ACA8-4E15-A9CB-2379972AD687}.Release|x64.ActiveCfg = Release|x64
		{400C7616-ACA8-4E15-A9CB-2379972AD687}.Release|x64.Build.0 = Release|x64
		{400C7616-ACA8-4E15-A9CB-2379972AD687}.Release|x86.ActiveCfg = Release|Win32
		{400C7616-ACA8-4E15-A9CB-2379972AD687}.Release|x86.Build.0 = Release|Win32
		{9D3E8045-0C0D-4084-984C-33E5E986E517}.Debug|x64.ActiveCfg = Debug|x64
		{9D3E8045-0C0D-4084-984C-33E5E986E517}.Debug|x64.Build.0 = Debug|x64
		{9D3E8045-0C0D-4084-984C-33E5E986E517}.Debug|x86.ActiveCfg = Debug|Win32
		{9D3E8045-0C0D-4084-984C-33E5E986E517}.Debug|x86.Build.0 = Debug|Win32
		{9D3E8045-0C0D-4084-984C-33E5E986E517}.Release|x64.ActiveCfg = Release|x64
		{9D3E8045-0C0D-4084-984C-33E5E986E517}.Release|x64.Build.0 = Release|x64
		{9D3E8045-0C0D-4084-984C-33E5E986E517}.Release|x86.ActiveCfg = Release|Win32
		{9D3E8045-0C0D-4084-984C-33E5E986E517}.Release|x86.Build.0 = Release|Win32
	EndGlobalSection
	GlobalSection(SolutionProperties) = preSolution
		HideSolutionNode = FALSE
	EndGlobalSection
EndGlobal
