
Microsoft Visual Studio Solution File, Format Version 12.00
# Visual Studio 14
VisualStudioVersion = 14.0.25123.0
MinimumVisualStudioVersion = 10.0.40219.1
Project("{8BC9CEB8-8B4A-11D0-8D11-00A0C91BC942}") = "No1", "No1\No1.vcxproj", "{CCD76528-A456-498E-8FB3-F1102C4C2ADB}"
EndProject
Project("{8BC9CEB8-8B4A-11D0-8D11-00A0C91BC942}") = "No3", "No3\No3.vcxproj", "{0031BB11-F0FA-4C18-929B-F45180174764}"
EndProject
Project("{8BC9CEB8-8B4A-11D0-8D11-00A0C91BC942}") = "No2", "No2\No2.vcxproj", "{30C437BF-69E2-4257-B984-4569928764E0}"
EndProject
Global
	GlobalSection(SolutionConfigurationPlatforms) = preSolution
		Debug|x64 = Debug|x64
		Debug|x86 = Debug|x86
		Release|x64 = Release|x64
		Release|x86 = Release|x86
	EndGlobalSection
	GlobalSection(ProjectConfigurationPlatforms) = postSolution
		{CCD76528-A456-498E-8FB3-F1102C4C2ADB}.Debug|x64.ActiveCfg = Debug|x64
		{CCD76528-A456-498E-8FB3-F1102C4C2ADB}.Debug|x64.Build.0 = Debug|x64
		{CCD76528-A456-498E-8FB3-F1102C4C2ADB}.Debug|x86.ActiveCfg = Debug|Win32
		{CCD76528-A456-498E-8FB3-F1102C4C2ADB}.Debug|x86.Build.0 = Debug|Win32
		{CCD76528-A456-498E-8FB3-F1102C4C2ADB}.Release|x64.ActiveCfg = Release|x64
		{CCD76528-A456-498E-8FB3-F1102C4C2ADB}.Release|x64.Build.0 = Release|x64
		{CCD76528-A456-498E-8FB3-F1102C4C2ADB}.Release|x86.ActiveCfg = Release|Win32
		{CCD76528-A456-498E-8FB3-F1102C4C2ADB}.Release|x86.Build.0 = Release|Win32
		{0031BB11-F0FA-4C18-929B-F45180174764}.Debug|x64.ActiveCfg = Debug|x64
		{0031BB11-F0FA-4C18-929B-F45180174764}.Debug|x64.Build.0 = Debug|x64
		{0031BB11-F0FA-4C18-929B-F45180174764}.Debug|x86.ActiveCfg = Debug|Win32
		{0031BB11-F0FA-4C18-929B-F45180174764}.Debug|x86.Build.0 = Debug|Win32
		{0031BB11-F0FA-4C18-929B-F45180174764}.Release|x64.ActiveCfg = Release|x64
		{0031BB11-F0FA-4C18-929B-F45180174764}.Release|x64.Build.0 = Release|x64
		{0031BB11-F0FA-4C18-929B-F45180174764}.Release|x86.ActiveCfg = Release|Win32
		{0031BB11-F0FA-4C18-929B-F45180174764}.Release|x86.Build.0 = Release|Win32
		{30C437BF-69E2-4257-B984-4569928764E0}.Debug|x64.ActiveCfg = Debug|x64
		{30C437BF-69E2-4257-B984-4569928764E0}.Debug|x64.Build.0 = Debug|x64
		{30C437BF-69E2-4257-B984-4569928764E0}.Debug|x86.ActiveCfg = Debug|Win32
		{30C437BF-69E2-4257-B984-4569928764E0}.Debug|x86.Build.0 = Debug|Win32
		{30C437BF-69E2-4257-B984-4569928764E0}.Release|x64.ActiveCfg = Release|x64
		{30C437BF-69E2-4257-B984-4569928764E0}.Release|x64.Build.0 = Release|x64
		{30C437BF-69E2-4257-B984-4569928764E0}.Release|x86.ActiveCfg = Release|Win32
		{30C437BF-69E2-4257-B984-4569928764E0}.Release|x86.Build.0 = Release|Win32
	EndGlobalSection
	GlobalSection(SolutionProperties) = preSolution
		HideSolutionNode = FALSE
	EndGlobalSection
EndGlobal
